// !$*UTF8*$!
{
	archiveVersion = 1;
	classes = {
	};
	objectVersion = 63;
	objects = {

/* Begin PBXBuildFile section */
		D20D9F092B996E1F00D183BA /* DetailProductModel.swift in Sources */ = {isa = PBXBuildFile; fileRef = D20D9F082B996E1F00D183BA /* DetailProductModel.swift */; };
		D21E123A2B97EE9000DEEDDD /* PressEffectButtonStyle.swift in Sources */ = {isa = PBXBuildFile; fileRef = D21E12392B97EE9000DEEDDD /* PressEffectButtonStyle.swift */; };
		D2268B082BB2B2560087E1B6 /* signView.swift in Sources */ = {isa = PBXBuildFile; fileRef = D2268B072BB2B2560087E1B6 /* signView.swift */; };
		D2292A132BBC46800052805A /* MainPayment.swift in Sources */ = {isa = PBXBuildFile; fileRef = D2292A122BBC46800052805A /* MainPayment.swift */; };
		D2339C322BB2AE7E001A1AB3 /* BottomWelcomeView.swift in Sources */ = {isa = PBXBuildFile; fileRef = D2339C312BB2AE7E001A1AB3 /* BottomWelcomeView.swift */; };
		D28A45442BB844F800DEF9DE /* RounderProfile.swift in Sources */ = {isa = PBXBuildFile; fileRef = D28A45432BB844F800DEF9DE /* RounderProfile.swift */; };
		D28A45462BB8472100DEF9DE /* UserModel.swift in Sources */ = {isa = PBXBuildFile; fileRef = D28A45452BB8472100DEF9DE /* UserModel.swift */; };
		D28A45482BB84A5800DEF9DE /* ProfileView.swift in Sources */ = {isa = PBXBuildFile; fileRef = D28A45472BB84A5800DEF9DE /* ProfileView.swift */; };
		D28A454A2BB84A8600DEF9DE /* BottomProfileView.swift in Sources */ = {isa = PBXBuildFile; fileRef = D28A45492BB84A8600DEF9DE /* BottomProfileView.swift */; };
		D28A454C2BB84A9F00DEF9DE /* BottomInfoView.swift in Sources */ = {isa = PBXBuildFile; fileRef = D28A454B2BB84A9F00DEF9DE /* BottomInfoView.swift */; };
		D28B5EC92BC96CAD00D1794C /* updateProfile.swift in Sources */ = {isa = PBXBuildFile; fileRef = D28B5EC82BC96CAD00D1794C /* updateProfile.swift */; };
		D28C91042BC4E2DC00CCC995 /* DeepLink.swift in Sources */ = {isa = PBXBuildFile; fileRef = D28C91032BC4E2DC00CCC995 /* DeepLink.swift */; };
		D28C91082BC4E6C600CCC995 /* SettingView.swift in Sources */ = {isa = PBXBuildFile; fileRef = D28C91072BC4E6C600CCC995 /* SettingView.swift */; };
		D291102F2BBD8BCF003C6086 /* ProductCheckout.swift in Sources */ = {isa = PBXBuildFile; fileRef = D291102E2BBD8BCF003C6086 /* ProductCheckout.swift */; };
		D29C6AB42BC7BECA007ECCCA /* FirebaseAnalytics in Frameworks */ = {isa = PBXBuildFile; productRef = D29C6AB32BC7BECA007ECCCA /* FirebaseAnalytics */; };
		D29C6AB62BC7BECA007ECCCA /* FirebaseAnalyticsOnDeviceConversion in Frameworks */ = {isa = PBXBuildFile; productRef = D29C6AB52BC7BECA007ECCCA /* FirebaseAnalyticsOnDeviceConversion */; };
		D29C6AB82BC7BECA007ECCCA /* FirebaseAnalyticsSwift in Frameworks */ = {isa = PBXBuildFile; productRef = D29C6AB72BC7BECA007ECCCA /* FirebaseAnalyticsSwift */; };
		D29C6ABA2BC7BECA007ECCCA /* FirebaseAnalyticsWithoutAdIdSupport in Frameworks */ = {isa = PBXBuildFile; productRef = D29C6AB92BC7BECA007ECCCA /* FirebaseAnalyticsWithoutAdIdSupport */; };
		D29C6ABC2BC7BECA007ECCCA /* FirebaseAppCheck in Frameworks */ = {isa = PBXBuildFile; productRef = D29C6ABB2BC7BECA007ECCCA /* FirebaseAppCheck */; };
		D29C6ABE2BC7BECA007ECCCA /* FirebaseAppDistribution-Beta in Frameworks */ = {isa = PBXBuildFile; productRef = D29C6ABD2BC7BECA007ECCCA /* FirebaseAppDistribution-Beta */; };
		D29C6AC02BC7BECA007ECCCA /* FirebaseAuth in Frameworks */ = {isa = PBXBuildFile; productRef = D29C6ABF2BC7BECA007ECCCA /* FirebaseAuth */; };
		D29C6AC22BC7BECA007ECCCA /* FirebaseAuthCombine-Community in Frameworks */ = {isa = PBXBuildFile; productRef = D29C6AC12BC7BECA007ECCCA /* FirebaseAuthCombine-Community */; };
		D29C6AC42BC7BECA007ECCCA /* FirebaseCrashlytics in Frameworks */ = {isa = PBXBuildFile; productRef = D29C6AC32BC7BECA007ECCCA /* FirebaseCrashlytics */; };
		D29C6AC62BC7BECA007ECCCA /* FirebaseDatabase in Frameworks */ = {isa = PBXBuildFile; productRef = D29C6AC52BC7BECA007ECCCA /* FirebaseDatabase */; };
		D29C6AC82BC7BECA007ECCCA /* FirebaseDatabaseSwift in Frameworks */ = {isa = PBXBuildFile; productRef = D29C6AC72BC7BECA007ECCCA /* FirebaseDatabaseSwift */; };
		D29C6ACA2BC7BECA007ECCCA /* FirebaseDynamicLinks in Frameworks */ = {isa = PBXBuildFile; productRef = D29C6AC92BC7BECA007ECCCA /* FirebaseDynamicLinks */; };
		D29C6ACC2BC7BECA007ECCCA /* FirebaseFirestore in Frameworks */ = {isa = PBXBuildFile; productRef = D29C6ACB2BC7BECA007ECCCA /* FirebaseFirestore */; };
		D29C6ACE2BC7BECA007ECCCA /* FirebaseFirestoreCombine-Community in Frameworks */ = {isa = PBXBuildFile; productRef = D29C6ACD2BC7BECA007ECCCA /* FirebaseFirestoreCombine-Community */; };
		D29C6AD02BC7BECA007ECCCA /* FirebaseInstallations in Frameworks */ = {isa = PBXBuildFile; productRef = D29C6ACF2BC7BECA007ECCCA /* FirebaseInstallations */; };
		D29C6AD22BC7BECA007ECCCA /* FirebaseMLModelDownloader in Frameworks */ = {isa = PBXBuildFile; productRef = D29C6AD12BC7BECA007ECCCA /* FirebaseMLModelDownloader */; };
		D29C6AD42BC7BECA007ECCCA /* FirebaseMessaging in Frameworks */ = {isa = PBXBuildFile; productRef = D29C6AD32BC7BECA007ECCCA /* FirebaseMessaging */; };
		D29C6AD62BC7BECA007ECCCA /* FirebasePerformance in Frameworks */ = {isa = PBXBuildFile; productRef = D29C6AD52BC7BECA007ECCCA /* FirebasePerformance */; };
		D29C6AD82BC7BECA007ECCCA /* FirebaseRemoteConfig in Frameworks */ = {isa = PBXBuildFile; productRef = D29C6AD72BC7BECA007ECCCA /* FirebaseRemoteConfig */; };
		D29C6ADA2BC7BECA007ECCCA /* FirebaseRemoteConfigSwift in Frameworks */ = {isa = PBXBuildFile; productRef = D29C6AD92BC7BECA007ECCCA /* FirebaseRemoteConfigSwift */; };
		D29C6ADC2BC7BECA007ECCCA /* FirebaseStorage in Frameworks */ = {isa = PBXBuildFile; productRef = D29C6ADB2BC7BECA007ECCCA /* FirebaseStorage */; };
		D29C6ADE2BC7BECA007ECCCA /* FirebaseStorageCombine-Community in Frameworks */ = {isa = PBXBuildFile; productRef = D29C6ADD2BC7BECA007ECCCA /* FirebaseStorageCombine-Community */; };
		D29C6AE32BC7C1DE007ECCCA /* User.swift in Sources */ = {isa = PBXBuildFile; fileRef = D29C6AE22BC7C1DE007ECCCA /* User.swift */; };
		D29C6AE52BC7C21E007ECCCA /* UserMV.swift in Sources */ = {isa = PBXBuildFile; fileRef = D29C6AE42BC7C21E007ECCCA /* UserMV.swift */; };
		D29C6AE92BC7D7D3007ECCCA /* Launch Screen.storyboard in Resources */ = {isa = PBXBuildFile; fileRef = D29C6AE82BC7D7D3007ECCCA /* Launch Screen.storyboard */; };
		D2A0F1992BBCDB38008C534A /* CheckoutView.swift in Sources */ = {isa = PBXBuildFile; fileRef = D2A0F1982BBCDB38008C534A /* CheckoutView.swift */; };
		D2A0F19B2BBCDB48008C534A /* PaymentView.swift in Sources */ = {isa = PBXBuildFile; fileRef = D2A0F19A2BBCDB48008C534A /* PaymentView.swift */; };
		D2A0F19D2BBCDB55008C534A /* SuccessView.swift in Sources */ = {isa = PBXBuildFile; fileRef = D2A0F19C2BBCDB55008C534A /* SuccessView.swift */; };
		D2A684492BCA149C00B7D797 /* Categories.swift in Sources */ = {isa = PBXBuildFile; fileRef = D2A684482BCA149C00B7D797 /* Categories.swift */; };
		D2A6844B2BCA14AE00B7D797 /* CategoriesMV.swift in Sources */ = {isa = PBXBuildFile; fileRef = D2A6844A2BCA14AE00B7D797 /* CategoriesMV.swift */; };
		D2A6844D2BCA179600B7D797 /* CategoryView.swift in Sources */ = {isa = PBXBuildFile; fileRef = D2A6844C2BCA179600B7D797 /* CategoryView.swift */; };
		D2A6844F2BCA1C2D00B7D797 /* ProductAdd.swift in Sources */ = {isa = PBXBuildFile; fileRef = D2A6844E2BCA1C2D00B7D797 /* ProductAdd.swift */; };
		D2A7AA642BB4FDC1001841A7 /* BottomProduct.swift in Sources */ = {isa = PBXBuildFile; fileRef = D2A7AA632BB4FDC1001841A7 /* BottomProduct.swift */; };
		D2A7AA672BB50ACF001841A7 /* Category.swift in Sources */ = {isa = PBXBuildFile; fileRef = D2A7AA662BB50ACF001841A7 /* Category.swift */; };
		D2A7AA6A2BB50C1E001841A7 /* CategoryModel.swift in Sources */ = {isa = PBXBuildFile; fileRef = D2A7AA692BB50C1E001841A7 /* CategoryModel.swift */; };
		D2A7AA6C2BB50F55001841A7 /* CustomTabBar.swift in Sources */ = {isa = PBXBuildFile; fileRef = D2A7AA6B2BB50F55001841A7 /* CustomTabBar.swift */; };
		D2A7AA6E2BB5105E001841A7 /* TabView.swift in Sources */ = {isa = PBXBuildFile; fileRef = D2A7AA6D2BB5105E001841A7 /* TabView.swift */; };
		D2A7AA702BB5120E001841A7 /* HomeView.swift in Sources */ = {isa = PBXBuildFile; fileRef = D2A7AA6F2BB5120E001841A7 /* HomeView.swift */; };
		D2A7AA722BB51B46001841A7 /* ListCategory.swift in Sources */ = {isa = PBXBuildFile; fileRef = D2A7AA712BB51B46001841A7 /* ListCategory.swift */; };
		D2A7AA742BB51D3B001841A7 /* ListProduct.swift in Sources */ = {isa = PBXBuildFile; fileRef = D2A7AA732BB51D3B001841A7 /* ListProduct.swift */; };
		D2A7AA762BB55D9D001841A7 /* DetailProductView.swift in Sources */ = {isa = PBXBuildFile; fileRef = D2A7AA752BB55D9D001841A7 /* DetailProductView.swift */; };
		D2A818B22B974F770049C0E5 /* AppOrderFoodApp.swift in Sources */ = {isa = PBXBuildFile; fileRef = D2A818B12B974F770049C0E5 /* AppOrderFoodApp.swift */; };
		D2A818B42B974F770049C0E5 /* ContentView.swift in Sources */ = {isa = PBXBuildFile; fileRef = D2A818B32B974F770049C0E5 /* ContentView.swift */; };
		D2A818B62B974F770049C0E5 /* Item.swift in Sources */ = {isa = PBXBuildFile; fileRef = D2A818B52B974F770049C0E5 /* Item.swift */; };
		D2A818B82B974F790049C0E5 /* Assets.xcassets in Resources */ = {isa = PBXBuildFile; fileRef = D2A818B72B974F790049C0E5 /* Assets.xcassets */; };
		D2A818BB2B974F790049C0E5 /* Preview Assets.xcassets in Resources */ = {isa = PBXBuildFile; fileRef = D2A818BA2B974F790049C0E5 /* Preview Assets.xcassets */; };
		D2A818C52B974F7A0049C0E5 /* AppOrderFoodTests.swift in Sources */ = {isa = PBXBuildFile; fileRef = D2A818C42B974F7A0049C0E5 /* AppOrderFoodTests.swift */; };
		D2A818CF2B974F7A0049C0E5 /* AppOrderFoodUITests.swift in Sources */ = {isa = PBXBuildFile; fileRef = D2A818CE2B974F7A0049C0E5 /* AppOrderFoodUITests.swift */; };
		D2A818D12B974F7A0049C0E5 /* AppOrderFoodUITestsLaunchTests.swift in Sources */ = {isa = PBXBuildFile; fileRef = D2A818D02B974F7A0049C0E5 /* AppOrderFoodUITestsLaunchTests.swift */; };
		D2A818EC2B975B390049C0E5 /* LoginView.swift in Sources */ = {isa = PBXBuildFile; fileRef = D2A818EB2B975B390049C0E5 /* LoginView.swift */; };
		D2A818F02B975F710049C0E5 /* SigninView.swift in Sources */ = {isa = PBXBuildFile; fileRef = D2A818EF2B975F710049C0E5 /* SigninView.swift */; };
		D2A818F42B9760FC0049C0E5 /* ForgotPasswordView.swift in Sources */ = {isa = PBXBuildFile; fileRef = D2A818F32B9760FC0049C0E5 /* ForgotPasswordView.swift */; };
		D2A85A982BCFA83C00F11D88 /* DiscountAddView.swift in Sources */ = {isa = PBXBuildFile; fileRef = D2A85A972BCFA83C00F11D88 /* DiscountAddView.swift */; };
		D2A85A9C2BCFA8AC00F11D88 /* Discount.swift in Sources */ = {isa = PBXBuildFile; fileRef = D2A85A9B2BCFA8AC00F11D88 /* Discount.swift */; };
		D2A85A9E2BCFA95400F11D88 /* DiscountMV.swift in Sources */ = {isa = PBXBuildFile; fileRef = D2A85A9D2BCFA95400F11D88 /* DiscountMV.swift */; };
		D2A85AA02BD01D6000F11D88 /* Oder.swift in Sources */ = {isa = PBXBuildFile; fileRef = D2A85A9F2BD01D6000F11D88 /* Oder.swift */; };
		D2ADAC432B9A9926008A1861 /* ItemCartView.swift in Sources */ = {isa = PBXBuildFile; fileRef = D2ADAC422B9A9926008A1861 /* ItemCartView.swift */; };
		D2ADAC472B9A9B94008A1861 /* CartView.swift in Sources */ = {isa = PBXBuildFile; fileRef = D2ADAC462B9A9B94008A1861 /* CartView.swift */; };
		D2B442FD2BB2A8330026834B /* bgvideo.mp4 in Resources */ = {isa = PBXBuildFile; fileRef = D2B442FC2BB2A8330026834B /* bgvideo.mp4 */; };
		D2B442FF2BB2AADA0026834B /* buttonWelcome.swift in Sources */ = {isa = PBXBuildFile; fileRef = D2B442FE2BB2AADA0026834B /* buttonWelcome.swift */; };
		D2B4A09D2BD5EB12000F8FDD /* GoogleService-Info.plist in Resources */ = {isa = PBXBuildFile; fileRef = D2B4A09C2BD5EB12000F8FDD /* GoogleService-Info.plist */; };
		D2B4A09F2BD5EF37000F8FDD /* CoinBaseMV.swift in Sources */ = {isa = PBXBuildFile; fileRef = D2B4A09E2BD5EF37000F8FDD /* CoinBaseMV.swift */; };
		D2B4A0A12BD5F298000F8FDD /* Payment.swift in Sources */ = {isa = PBXBuildFile; fileRef = D2B4A0A02BD5F298000F8FDD /* Payment.swift */; };
		D2B4A0A32BD642CC000F8FDD /* InforOrder.swift in Sources */ = {isa = PBXBuildFile; fileRef = D2B4A0A22BD642CC000F8FDD /* InforOrder.swift */; };
		D2B4A0A62BD6568F000F8FDD /* SocketIO in Frameworks */ = {isa = PBXBuildFile; productRef = D2B4A0A52BD6568F000F8FDD /* SocketIO */; };
		D2B4A0A82BD658B7000F8FDD /* Socket.swift in Sources */ = {isa = PBXBuildFile; fileRef = D2B4A0A72BD658B7000F8FDD /* Socket.swift */; };
		D2B73E3B2BD2A3810091CCAE /* OrderMV.swift in Sources */ = {isa = PBXBuildFile; fileRef = D2B73E3A2BD2A3810091CCAE /* OrderMV.swift */; };
		D2BB7ABD2BBF9E2F002C0C56 /* ButtonApplesignin.swift in Sources */ = {isa = PBXBuildFile; fileRef = D2BB7ABC2BBF9E2F002C0C56 /* ButtonApplesignin.swift */; };
		D2BB7AC02BBFEAE7002C0C56 /* MapView.swift in Sources */ = {isa = PBXBuildFile; fileRef = D2BB7ABF2BBFEAE7002C0C56 /* MapView.swift */; };
		D2BB7AC32BC03F95002C0C56 /* TrackingView.swift in Sources */ = {isa = PBXBuildFile; fileRef = D2BB7AC22BC03F95002C0C56 /* TrackingView.swift */; };
		D2BB7AC52BC04000002C0C56 /* Status.swift in Sources */ = {isa = PBXBuildFile; fileRef = D2BB7AC42BC04000002C0C56 /* Status.swift */; };
		D2BCA4812BD6979F00B0AF63 /* OrderView.swift in Sources */ = {isa = PBXBuildFile; fileRef = D2BCA4802BD6979F00B0AF63 /* OrderView.swift */; };
		D2BCA4832BD697AC00B0AF63 /* ListOrder.swift in Sources */ = {isa = PBXBuildFile; fileRef = D2BCA4822BD697AC00B0AF63 /* ListOrder.swift */; };
		D2BCA4852BD697B800B0AF63 /* OrderRow.swift in Sources */ = {isa = PBXBuildFile; fileRef = D2BCA4842BD697B800B0AF63 /* OrderRow.swift */; };
		D2BCA4872BD6A17D00B0AF63 /* ListProductOrder.swift in Sources */ = {isa = PBXBuildFile; fileRef = D2BCA4862BD6A17D00B0AF63 /* ListProductOrder.swift */; };
		D2BCA4892BD6A18B00B0AF63 /* RowProductOrder.swift in Sources */ = {isa = PBXBuildFile; fileRef = D2BCA4882BD6A18B00B0AF63 /* RowProductOrder.swift */; };
		D2BCA48B2BD6AEC200B0AF63 /* TrackOrderView.swift in Sources */ = {isa = PBXBuildFile; fileRef = D2BCA48A2BD6AEC200B0AF63 /* TrackOrderView.swift */; };
		D2BCA48D2BD6C13200B0AF63 /* ReadMe.md in Resources */ = {isa = PBXBuildFile; fileRef = D2BCA48C2BD6C13200B0AF63 /* ReadMe.md */; };
		D2C2B49E2BCB6839005A0C3C /* CartMV.swift in Sources */ = {isa = PBXBuildFile; fileRef = D2C2B49D2BCB6839005A0C3C /* CartMV.swift */; };
		D2C2B4A02BCB6845005A0C3C /* Cart.swift in Sources */ = {isa = PBXBuildFile; fileRef = D2C2B49F2BCB6845005A0C3C /* Cart.swift */; };
		D2C905F82BB66742007F0FE6 /* Product_Cartmodel.swift in Sources */ = {isa = PBXBuildFile; fileRef = D2C905F72BB66742007F0FE6 /* Product_Cartmodel.swift */; };
		D2C905FA2BB669CD007F0FE6 /* ListCartView.swift in Sources */ = {isa = PBXBuildFile; fileRef = D2C905F92BB669CD007F0FE6 /* ListCartView.swift */; };
		D2C905FC2BB6709B007F0FE6 /* BottomCartView.swift in Sources */ = {isa = PBXBuildFile; fileRef = D2C905FB2BB6709B007F0FE6 /* BottomCartView.swift */; };
		D2C905FE2BB69EC3007F0FE6 /* DiscountView.swift in Sources */ = {isa = PBXBuildFile; fileRef = D2C905FD2BB69EC3007F0FE6 /* DiscountView.swift */; };
		D2C906002BB6A49F007F0FE6 /* DiscountShape.swift in Sources */ = {isa = PBXBuildFile; fileRef = D2C905FF2BB6A49F007F0FE6 /* DiscountShape.swift */; };
		D2C906042BB6A74E007F0FE6 /* DiscountModel.swift in Sources */ = {isa = PBXBuildFile; fileRef = D2C906032BB6A74E007F0FE6 /* DiscountModel.swift */; };
		D2C906062BB6AB1F007F0FE6 /* ListDiscount.swift in Sources */ = {isa = PBXBuildFile; fileRef = D2C906052BB6AB1F007F0FE6 /* ListDiscount.swift */; };
		D2E43E512B98A38D00B15946 /* SentOtpView.swift in Sources */ = {isa = PBXBuildFile; fileRef = D2E43E502B98A38C00B15946 /* SentOtpView.swift */; };
		D2E43E542B98A57000B15946 /* OtpModifer.swift in Sources */ = {isa = PBXBuildFile; fileRef = D2E43E532B98A57000B15946 /* OtpModifer.swift */; };
		D2E43E5A2B98AA6E00B15946 /* ProductView.swift in Sources */ = {isa = PBXBuildFile; fileRef = D2E43E592B98AA6E00B15946 /* ProductView.swift */; };
		D2E43E5C2B98AA8000B15946 /* Chat.swift in Sources */ = {isa = PBXBuildFile; fileRef = D2E43E5B2B98AA8000B15946 /* Chat.swift */; };
		D2E43E5F2B98AA9900B15946 /* ImageCircle.swift in Sources */ = {isa = PBXBuildFile; fileRef = D2E43E5E2B98AA9900B15946 /* ImageCircle.swift */; };
		D2E43E612B98AAB700B15946 /* ProductCart.swift in Sources */ = {isa = PBXBuildFile; fileRef = D2E43E602B98AAB700B15946 /* ProductCart.swift */; };
		D2E43E652B98AAFF00B15946 /* DeleteAccountView.swift in Sources */ = {isa = PBXBuildFile; fileRef = D2E43E642B98AAFF00B15946 /* DeleteAccountView.swift */; };
		D2E722D02BBE4E32000F2B44 /* PaymentWithApplePay.swift in Sources */ = {isa = PBXBuildFile; fileRef = D2E722CF2BBE4E32000F2B44 /* PaymentWithApplePay.swift */; };
		D2E722D22BBE4E3E000F2B44 /* PaymentWithCrypto.swift in Sources */ = {isa = PBXBuildFile; fileRef = D2E722D12BBE4E3E000F2B44 /* PaymentWithCrypto.swift */; };
		D2E722D42BBE4E4A000F2B44 /* PaymentWithCash.swift in Sources */ = {isa = PBXBuildFile; fileRef = D2E722D32BBE4E4A000F2B44 /* PaymentWithCash.swift */; };
		D2E722D62BBE8B9E000F2B44 /* PaymentHandler.swift in Sources */ = {isa = PBXBuildFile; fileRef = D2E722D52BBE8B9D000F2B44 /* PaymentHandler.swift */; };
		D2E722D82BBE97C2000F2B44 /* RuleView.swift in Sources */ = {isa = PBXBuildFile; fileRef = D2E722D72BBE97C2000F2B44 /* RuleView.swift */; };
		D2EE116C2BB265FC00A9117E /* WelcomeView.swift in Sources */ = {isa = PBXBuildFile; fileRef = D2EE116B2BB265FC00A9117E /* WelcomeView.swift */; };
		D2EE116E2BB267DE00A9117E /* PlayerView.swift in Sources */ = {isa = PBXBuildFile; fileRef = D2EE116D2BB267DE00A9117E /* PlayerView.swift */; };
		D2F839FE2BCAB6C8008ABB3F /* ProductMV.swift in Sources */ = {isa = PBXBuildFile; fileRef = D2F839FD2BCAB6C8008ABB3F /* ProductMV.swift */; };
		D2F83A002BCAC8FE008ABB3F /* ListProductCategory.swift in Sources */ = {isa = PBXBuildFile; fileRef = D2F839FF2BCAC8FE008ABB3F /* ListProductCategory.swift */; };
		D2F83A022BCAC9C4008ABB3F /* ProductCategory.swift in Sources */ = {isa = PBXBuildFile; fileRef = D2F83A012BCAC9C4008ABB3F /* ProductCategory.swift */; };
/* End PBXBuildFile section */

/* Begin PBXContainerItemProxy section */
		D2A818C12B974F7A0049C0E5 /* PBXContainerItemProxy */ = {
			isa = PBXContainerItemProxy;
			containerPortal = D2A818A62B974F770049C0E5 /* Project object */;
			proxyType = 1;
			remoteGlobalIDString = D2A818AD2B974F770049C0E5;
			remoteInfo = AppOrderFood;
		};
		D2A818CB2B974F7A0049C0E5 /* PBXContainerItemProxy */ = {
			isa = PBXContainerItemProxy;
			containerPortal = D2A818A62B974F770049C0E5 /* Project object */;
			proxyType = 1;
			remoteGlobalIDString = D2A818AD2B974F770049C0E5;
			remoteInfo = AppOrderFood;
		};
/* End PBXContainerItemProxy section */

/* Begin PBXFileReference section */
		D20D9F082B996E1F00D183BA /* DetailProductModel.swift */ = {isa = PBXFileReference; lastKnownFileType = sourcecode.swift; path = DetailProductModel.swift; sourceTree = "<group>"; };
		D21E12392B97EE9000DEEDDD /* PressEffectButtonStyle.swift */ = {isa = PBXFileReference; lastKnownFileType = sourcecode.swift; path = PressEffectButtonStyle.swift; sourceTree = "<group>"; };
		D2268B072BB2B2560087E1B6 /* signView.swift */ = {isa = PBXFileReference; lastKnownFileType = sourcecode.swift; path = signView.swift; sourceTree = "<group>"; };
		D2292A122BBC46800052805A /* MainPayment.swift */ = {isa = PBXFileReference; lastKnownFileType = sourcecode.swift; path = MainPayment.swift; sourceTree = "<group>"; };
		D2339C312BB2AE7E001A1AB3 /* BottomWelcomeView.swift */ = {isa = PBXFileReference; lastKnownFileType = sourcecode.swift; path = BottomWelcomeView.swift; sourceTree = "<group>"; };
		D28A45432BB844F800DEF9DE /* RounderProfile.swift */ = {isa = PBXFileReference; lastKnownFileType = sourcecode.swift; path = RounderProfile.swift; sourceTree = "<group>"; };
		D28A45452BB8472100DEF9DE /* UserModel.swift */ = {isa = PBXFileReference; lastKnownFileType = sourcecode.swift; path = UserModel.swift; sourceTree = "<group>"; };
		D28A45472BB84A5800DEF9DE /* ProfileView.swift */ = {isa = PBXFileReference; lastKnownFileType = sourcecode.swift; path = ProfileView.swift; sourceTree = "<group>"; };
		D28A45492BB84A8600DEF9DE /* BottomProfileView.swift */ = {isa = PBXFileReference; lastKnownFileType = sourcecode.swift; path = BottomProfileView.swift; sourceTree = "<group>"; };
		D28A454B2BB84A9F00DEF9DE /* BottomInfoView.swift */ = {isa = PBXFileReference; lastKnownFileType = sourcecode.swift; path = BottomInfoView.swift; sourceTree = "<group>"; };
		D28B5EC82BC96CAD00D1794C /* updateProfile.swift */ = {isa = PBXFileReference; lastKnownFileType = sourcecode.swift; path = updateProfile.swift; sourceTree = "<group>"; };
		D28C91032BC4E2DC00CCC995 /* DeepLink.swift */ = {isa = PBXFileReference; lastKnownFileType = sourcecode.swift; path = DeepLink.swift; sourceTree = "<group>"; };
		D28C91072BC4E6C600CCC995 /* SettingView.swift */ = {isa = PBXFileReference; lastKnownFileType = sourcecode.swift; path = SettingView.swift; sourceTree = "<group>"; };
		D291102E2BBD8BCF003C6086 /* ProductCheckout.swift */ = {isa = PBXFileReference; lastKnownFileType = sourcecode.swift; path = ProductCheckout.swift; sourceTree = "<group>"; };
		D29C6AE22BC7C1DE007ECCCA /* User.swift */ = {isa = PBXFileReference; lastKnownFileType = sourcecode.swift; path = User.swift; sourceTree = "<group>"; };
		D29C6AE42BC7C21E007ECCCA /* UserMV.swift */ = {isa = PBXFileReference; lastKnownFileType = sourcecode.swift; path = UserMV.swift; sourceTree = "<group>"; };
		D29C6AE82BC7D7D3007ECCCA /* Launch Screen.storyboard */ = {isa = PBXFileReference; lastKnownFileType = file.storyboard; path = "Launch Screen.storyboard"; sourceTree = "<group>"; };
		D2A0F1982BBCDB38008C534A /* CheckoutView.swift */ = {isa = PBXFileReference; lastKnownFileType = sourcecode.swift; path = CheckoutView.swift; sourceTree = "<group>"; };
		D2A0F19A2BBCDB48008C534A /* PaymentView.swift */ = {isa = PBXFileReference; lastKnownFileType = sourcecode.swift; path = PaymentView.swift; sourceTree = "<group>"; };
		D2A0F19C2BBCDB55008C534A /* SuccessView.swift */ = {isa = PBXFileReference; lastKnownFileType = sourcecode.swift; path = SuccessView.swift; sourceTree = "<group>"; };
		D2A684482BCA149C00B7D797 /* Categories.swift */ = {isa = PBXFileReference; lastKnownFileType = sourcecode.swift; path = Categories.swift; sourceTree = "<group>"; };
		D2A6844A2BCA14AE00B7D797 /* CategoriesMV.swift */ = {isa = PBXFileReference; lastKnownFileType = sourcecode.swift; path = CategoriesMV.swift; sourceTree = "<group>"; };
		D2A6844C2BCA179600B7D797 /* CategoryView.swift */ = {isa = PBXFileReference; lastKnownFileType = sourcecode.swift; path = CategoryView.swift; sourceTree = "<group>"; };
		D2A6844E2BCA1C2D00B7D797 /* ProductAdd.swift */ = {isa = PBXFileReference; lastKnownFileType = sourcecode.swift; path = ProductAdd.swift; sourceTree = "<group>"; };
		D2A7AA632BB4FDC1001841A7 /* BottomProduct.swift */ = {isa = PBXFileReference; lastKnownFileType = sourcecode.swift; path = BottomProduct.swift; sourceTree = "<group>"; };
		D2A7AA662BB50ACF001841A7 /* Category.swift */ = {isa = PBXFileReference; lastKnownFileType = sourcecode.swift; path = Category.swift; sourceTree = "<group>"; };
		D2A7AA692BB50C1E001841A7 /* CategoryModel.swift */ = {isa = PBXFileReference; lastKnownFileType = sourcecode.swift; path = CategoryModel.swift; sourceTree = "<group>"; };
		D2A7AA6B2BB50F55001841A7 /* CustomTabBar.swift */ = {isa = PBXFileReference; lastKnownFileType = sourcecode.swift; path = CustomTabBar.swift; sourceTree = "<group>"; };
		D2A7AA6D2BB5105E001841A7 /* TabView.swift */ = {isa = PBXFileReference; lastKnownFileType = sourcecode.swift; path = TabView.swift; sourceTree = "<group>"; };
		D2A7AA6F2BB5120E001841A7 /* HomeView.swift */ = {isa = PBXFileReference; lastKnownFileType = sourcecode.swift; path = HomeView.swift; sourceTree = "<group>"; };
		D2A7AA712BB51B46001841A7 /* ListCategory.swift */ = {isa = PBXFileReference; lastKnownFileType = sourcecode.swift; path = ListCategory.swift; sourceTree = "<group>"; };
		D2A7AA732BB51D3B001841A7 /* ListProduct.swift */ = {isa = PBXFileReference; lastKnownFileType = sourcecode.swift; path = ListProduct.swift; sourceTree = "<group>"; };
		D2A7AA752BB55D9D001841A7 /* DetailProductView.swift */ = {isa = PBXFileReference; lastKnownFileType = sourcecode.swift; path = DetailProductView.swift; sourceTree = "<group>"; };
		D2A818AE2B974F770049C0E5 /* AppOrderFood.app */ = {isa = PBXFileReference; explicitFileType = wrapper.application; includeInIndex = 0; path = AppOrderFood.app; sourceTree = BUILT_PRODUCTS_DIR; };
		D2A818B12B974F770049C0E5 /* AppOrderFoodApp.swift */ = {isa = PBXFileReference; lastKnownFileType = sourcecode.swift; path = AppOrderFoodApp.swift; sourceTree = "<group>"; };
		D2A818B32B974F770049C0E5 /* ContentView.swift */ = {isa = PBXFileReference; lastKnownFileType = sourcecode.swift; path = ContentView.swift; sourceTree = "<group>"; };
		D2A818B52B974F770049C0E5 /* Item.swift */ = {isa = PBXFileReference; lastKnownFileType = sourcecode.swift; path = Item.swift; sourceTree = "<group>"; };
		D2A818B72B974F790049C0E5 /* Assets.xcassets */ = {isa = PBXFileReference; lastKnownFileType = folder.assetcatalog; path = Assets.xcassets; sourceTree = "<group>"; };
		D2A818BA2B974F790049C0E5 /* Preview Assets.xcassets */ = {isa = PBXFileReference; lastKnownFileType = folder.assetcatalog; path = "Preview Assets.xcassets"; sourceTree = "<group>"; };
		D2A818C02B974F7A0049C0E5 /* AppOrderFoodTests.xctest */ = {isa = PBXFileReference; explicitFileType = wrapper.cfbundle; includeInIndex = 0; path = AppOrderFoodTests.xctest; sourceTree = BUILT_PRODUCTS_DIR; };
		D2A818C42B974F7A0049C0E5 /* AppOrderFoodTests.swift */ = {isa = PBXFileReference; lastKnownFileType = sourcecode.swift; path = AppOrderFoodTests.swift; sourceTree = "<group>"; };
		D2A818CA2B974F7A0049C0E5 /* AppOrderFoodUITests.xctest */ = {isa = PBXFileReference; explicitFileType = wrapper.cfbundle; includeInIndex = 0; path = AppOrderFoodUITests.xctest; sourceTree = BUILT_PRODUCTS_DIR; };
		D2A818CE2B974F7A0049C0E5 /* AppOrderFoodUITests.swift */ = {isa = PBXFileReference; lastKnownFileType = sourcecode.swift; path = AppOrderFoodUITests.swift; sourceTree = "<group>"; };
		D2A818D02B974F7A0049C0E5 /* AppOrderFoodUITestsLaunchTests.swift */ = {isa = PBXFileReference; lastKnownFileType = sourcecode.swift; path = AppOrderFoodUITestsLaunchTests.swift; sourceTree = "<group>"; };
		D2A818EB2B975B390049C0E5 /* LoginView.swift */ = {isa = PBXFileReference; lastKnownFileType = sourcecode.swift; path = LoginView.swift; sourceTree = "<group>"; };
		D2A818EF2B975F710049C0E5 /* SigninView.swift */ = {isa = PBXFileReference; lastKnownFileType = sourcecode.swift; path = SigninView.swift; sourceTree = "<group>"; };
		D2A818F32B9760FC0049C0E5 /* ForgotPasswordView.swift */ = {isa = PBXFileReference; lastKnownFileType = sourcecode.swift; path = ForgotPasswordView.swift; sourceTree = "<group>"; };
		D2A85A972BCFA83C00F11D88 /* DiscountAddView.swift */ = {isa = PBXFileReference; lastKnownFileType = sourcecode.swift; path = DiscountAddView.swift; sourceTree = "<group>"; };
		D2A85A9B2BCFA8AC00F11D88 /* Discount.swift */ = {isa = PBXFileReference; lastKnownFileType = sourcecode.swift; path = Discount.swift; sourceTree = "<group>"; };
		D2A85A9D2BCFA95400F11D88 /* DiscountMV.swift */ = {isa = PBXFileReference; lastKnownFileType = sourcecode.swift; path = DiscountMV.swift; sourceTree = "<group>"; };
		D2A85A9F2BD01D6000F11D88 /* Oder.swift */ = {isa = PBXFileReference; lastKnownFileType = sourcecode.swift; path = Oder.swift; sourceTree = "<group>"; };
		D2ADAC422B9A9926008A1861 /* ItemCartView.swift */ = {isa = PBXFileReference; lastKnownFileType = sourcecode.swift; path = ItemCartView.swift; sourceTree = "<group>"; };
		D2ADAC462B9A9B94008A1861 /* CartView.swift */ = {isa = PBXFileReference; lastKnownFileType = sourcecode.swift; path = CartView.swift; sourceTree = "<group>"; };
		D2B442FC2BB2A8330026834B /* bgvideo.mp4 */ = {isa = PBXFileReference; lastKnownFileType = file; path = bgvideo.mp4; sourceTree = "<group>"; };
		D2B442FE2BB2AADA0026834B /* buttonWelcome.swift */ = {isa = PBXFileReference; lastKnownFileType = sourcecode.swift; path = buttonWelcome.swift; sourceTree = "<group>"; };
		D2B4A09C2BD5EB12000F8FDD /* GoogleService-Info.plist */ = {isa = PBXFileReference; fileEncoding = 4; lastKnownFileType = text.plist.xml; path = "GoogleService-Info.plist"; sourceTree = "<group>"; };
		D2B4A09E2BD5EF37000F8FDD /* CoinBaseMV.swift */ = {isa = PBXFileReference; lastKnownFileType = sourcecode.swift; path = CoinBaseMV.swift; sourceTree = "<group>"; };
		D2B4A0A02BD5F298000F8FDD /* Payment.swift */ = {isa = PBXFileReference; lastKnownFileType = sourcecode.swift; path = Payment.swift; sourceTree = "<group>"; };
		D2B4A0A22BD642CC000F8FDD /* InforOrder.swift */ = {isa = PBXFileReference; lastKnownFileType = sourcecode.swift; path = InforOrder.swift; sourceTree = "<group>"; };
		D2B4A0A72BD658B7000F8FDD /* Socket.swift */ = {isa = PBXFileReference; lastKnownFileType = sourcecode.swift; path = Socket.swift; sourceTree = "<group>"; };
		D2B73E3A2BD2A3810091CCAE /* OrderMV.swift */ = {isa = PBXFileReference; lastKnownFileType = sourcecode.swift; path = OrderMV.swift; sourceTree = "<group>"; };
		D2BB7ABB2BBF8AB6002C0C56 /* AppOrderFood.entitlements */ = {isa = PBXFileReference; lastKnownFileType = text.plist.entitlements; path = AppOrderFood.entitlements; sourceTree = "<group>"; };
		D2BB7ABC2BBF9E2F002C0C56 /* ButtonApplesignin.swift */ = {isa = PBXFileReference; lastKnownFileType = sourcecode.swift; path = ButtonApplesignin.swift; sourceTree = "<group>"; };
		D2BB7ABF2BBFEAE7002C0C56 /* MapView.swift */ = {isa = PBXFileReference; lastKnownFileType = sourcecode.swift; path = MapView.swift; sourceTree = "<group>"; };
		D2BB7AC12BBFEC7E002C0C56 /* Info.plist */ = {isa = PBXFileReference; lastKnownFileType = text.plist; path = Info.plist; sourceTree = "<group>"; };
		D2BB7AC22BC03F95002C0C56 /* TrackingView.swift */ = {isa = PBXFileReference; lastKnownFileType = sourcecode.swift; path = TrackingView.swift; sourceTree = "<group>"; };
		D2BB7AC42BC04000002C0C56 /* Status.swift */ = {isa = PBXFileReference; lastKnownFileType = sourcecode.swift; path = Status.swift; sourceTree = "<group>"; };
		D2BCA4802BD6979F00B0AF63 /* OrderView.swift */ = {isa = PBXFileReference; lastKnownFileType = sourcecode.swift; path = OrderView.swift; sourceTree = "<group>"; };
		D2BCA4822BD697AC00B0AF63 /* ListOrder.swift */ = {isa = PBXFileReference; lastKnownFileType = sourcecode.swift; path = ListOrder.swift; sourceTree = "<group>"; };
		D2BCA4842BD697B800B0AF63 /* OrderRow.swift */ = {isa = PBXFileReference; lastKnownFileType = sourcecode.swift; path = OrderRow.swift; sourceTree = "<group>"; };
		D2BCA4862BD6A17D00B0AF63 /* ListProductOrder.swift */ = {isa = PBXFileReference; lastKnownFileType = sourcecode.swift; path = ListProductOrder.swift; sourceTree = "<group>"; };
		D2BCA4882BD6A18B00B0AF63 /* RowProductOrder.swift */ = {isa = PBXFileReference; lastKnownFileType = sourcecode.swift; path = RowProductOrder.swift; sourceTree = "<group>"; };
		D2BCA48A2BD6AEC200B0AF63 /* TrackOrderView.swift */ = {isa = PBXFileReference; lastKnownFileType = sourcecode.swift; path = TrackOrderView.swift; sourceTree = "<group>"; };
		D2BCA48C2BD6C13200B0AF63 /* ReadMe.md */ = {isa = PBXFileReference; lastKnownFileType = net.daringfireball.markdown; path = ReadMe.md; sourceTree = "<group>"; };
		D2C2B49D2BCB6839005A0C3C /* CartMV.swift */ = {isa = PBXFileReference; lastKnownFileType = sourcecode.swift; path = CartMV.swift; sourceTree = "<group>"; };
		D2C2B49F2BCB6845005A0C3C /* Cart.swift */ = {isa = PBXFileReference; lastKnownFileType = sourcecode.swift; path = Cart.swift; sourceTree = "<group>"; };
		D2C905F72BB66742007F0FE6 /* Product_Cartmodel.swift */ = {isa = PBXFileReference; lastKnownFileType = sourcecode.swift; path = Product_Cartmodel.swift; sourceTree = "<group>"; };
		D2C905F92BB669CD007F0FE6 /* ListCartView.swift */ = {isa = PBXFileReference; lastKnownFileType = sourcecode.swift; path = ListCartView.swift; sourceTree = "<group>"; };
		D2C905FB2BB6709B007F0FE6 /* BottomCartView.swift */ = {isa = PBXFileReference; lastKnownFileType = sourcecode.swift; path = BottomCartView.swift; sourceTree = "<group>"; };
		D2C905FD2BB69EC3007F0FE6 /* DiscountView.swift */ = {isa = PBXFileReference; lastKnownFileType = sourcecode.swift; path = DiscountView.swift; sourceTree = "<group>"; };
		D2C905FF2BB6A49F007F0FE6 /* DiscountShape.swift */ = {isa = PBXFileReference; lastKnownFileType = sourcecode.swift; path = DiscountShape.swift; sourceTree = "<group>"; };
		D2C906032BB6A74E007F0FE6 /* DiscountModel.swift */ = {isa = PBXFileReference; lastKnownFileType = sourcecode.swift; path = DiscountModel.swift; sourceTree = "<group>"; };
		D2C906052BB6AB1F007F0FE6 /* ListDiscount.swift */ = {isa = PBXFileReference; lastKnownFileType = sourcecode.swift; path = ListDiscount.swift; sourceTree = "<group>"; };
		D2E43E502B98A38C00B15946 /* SentOtpView.swift */ = {isa = PBXFileReference; lastKnownFileType = sourcecode.swift; path = SentOtpView.swift; sourceTree = "<group>"; };
		D2E43E532B98A57000B15946 /* OtpModifer.swift */ = {isa = PBXFileReference; lastKnownFileType = sourcecode.swift; path = OtpModifer.swift; sourceTree = "<group>"; };
		D2E43E592B98AA6E00B15946 /* ProductView.swift */ = {isa = PBXFileReference; lastKnownFileType = sourcecode.swift; path = ProductView.swift; sourceTree = "<group>"; };
		D2E43E5B2B98AA8000B15946 /* Chat.swift */ = {isa = PBXFileReference; lastKnownFileType = sourcecode.swift; path = Chat.swift; sourceTree = "<group>"; };
		D2E43E5E2B98AA9900B15946 /* ImageCircle.swift */ = {isa = PBXFileReference; lastKnownFileType = sourcecode.swift; path = ImageCircle.swift; sourceTree = "<group>"; };
		D2E43E602B98AAB700B15946 /* ProductCart.swift */ = {isa = PBXFileReference; lastKnownFileType = sourcecode.swift; path = ProductCart.swift; sourceTree = "<group>"; };
		D2E43E642B98AAFF00B15946 /* DeleteAccountView.swift */ = {isa = PBXFileReference; lastKnownFileType = sourcecode.swift; path = DeleteAccountView.swift; sourceTree = "<group>"; };
		D2E722CF2BBE4E32000F2B44 /* PaymentWithApplePay.swift */ = {isa = PBXFileReference; lastKnownFileType = sourcecode.swift; path = PaymentWithApplePay.swift; sourceTree = "<group>"; };
		D2E722D12BBE4E3E000F2B44 /* PaymentWithCrypto.swift */ = {isa = PBXFileReference; lastKnownFileType = sourcecode.swift; path = PaymentWithCrypto.swift; sourceTree = "<group>"; };
		D2E722D32BBE4E4A000F2B44 /* PaymentWithCash.swift */ = {isa = PBXFileReference; lastKnownFileType = sourcecode.swift; path = PaymentWithCash.swift; sourceTree = "<group>"; };
		D2E722D52BBE8B9D000F2B44 /* PaymentHandler.swift */ = {isa = PBXFileReference; lastKnownFileType = sourcecode.swift; path = PaymentHandler.swift; sourceTree = "<group>"; };
		D2E722D72BBE97C2000F2B44 /* RuleView.swift */ = {isa = PBXFileReference; lastKnownFileType = sourcecode.swift; path = RuleView.swift; sourceTree = "<group>"; };
		D2EE116B2BB265FC00A9117E /* WelcomeView.swift */ = {isa = PBXFileReference; lastKnownFileType = sourcecode.swift; path = WelcomeView.swift; sourceTree = "<group>"; };
		D2EE116D2BB267DE00A9117E /* PlayerView.swift */ = {isa = PBXFileReference; lastKnownFileType = sourcecode.swift; path = PlayerView.swift; sourceTree = "<group>"; };
		D2F839FD2BCAB6C8008ABB3F /* ProductMV.swift */ = {isa = PBXFileReference; lastKnownFileType = sourcecode.swift; path = ProductMV.swift; sourceTree = "<group>"; };
		D2F839FF2BCAC8FE008ABB3F /* ListProductCategory.swift */ = {isa = PBXFileReference; lastKnownFileType = sourcecode.swift; path = ListProductCategory.swift; sourceTree = "<group>"; };
		D2F83A012BCAC9C4008ABB3F /* ProductCategory.swift */ = {isa = PBXFileReference; lastKnownFileType = sourcecode.swift; path = ProductCategory.swift; sourceTree = "<group>"; };
/* End PBXFileReference section */

/* Begin PBXFrameworksBuildPhase section */
		D2A818AB2B974F770049C0E5 /* Frameworks */ = {
			isa = PBXFrameworksBuildPhase;
			buildActionMask = 2147483647;
			files = (
				D29C6ADE2BC7BECA007ECCCA /* FirebaseStorageCombine-Community in Frameworks */,
				D29C6AC62BC7BECA007ECCCA /* FirebaseDatabase in Frameworks */,
				D29C6ACC2BC7BECA007ECCCA /* FirebaseFirestore in Frameworks */,
				D29C6AD62BC7BECA007ECCCA /* FirebasePerformance in Frameworks */,
				D29C6AB82BC7BECA007ECCCA /* FirebaseAnalyticsSwift in Frameworks */,
				D29C6AD22BC7BECA007ECCCA /* FirebaseMLModelDownloader in Frameworks */,
				D29C6AB42BC7BECA007ECCCA /* FirebaseAnalytics in Frameworks */,
				D29C6AB62BC7BECA007ECCCA /* FirebaseAnalyticsOnDeviceConversion in Frameworks */,
				D2B4A0A62BD6568F000F8FDD /* SocketIO in Frameworks */,
				D29C6ABC2BC7BECA007ECCCA /* FirebaseAppCheck in Frameworks */,
				D29C6ABA2BC7BECA007ECCCA /* FirebaseAnalyticsWithoutAdIdSupport in Frameworks */,
				D29C6AC02BC7BECA007ECCCA /* FirebaseAuth in Frameworks */,
				D29C6AD82BC7BECA007ECCCA /* FirebaseRemoteConfig in Frameworks */,
				D29C6ADC2BC7BECA007ECCCA /* FirebaseStorage in Frameworks */,
				D29C6AD42BC7BECA007ECCCA /* FirebaseMessaging in Frameworks */,
				D29C6AC42BC7BECA007ECCCA /* FirebaseCrashlytics in Frameworks */,
				D29C6AD02BC7BECA007ECCCA /* FirebaseInstallations in Frameworks */,
				D29C6AC82BC7BECA007ECCCA /* FirebaseDatabaseSwift in Frameworks */,
				D29C6ABE2BC7BECA007ECCCA /* FirebaseAppDistribution-Beta in Frameworks */,
				D29C6AC22BC7BECA007ECCCA /* FirebaseAuthCombine-Community in Frameworks */,
				D29C6ADA2BC7BECA007ECCCA /* FirebaseRemoteConfigSwift in Frameworks */,
				D29C6ACA2BC7BECA007ECCCA /* FirebaseDynamicLinks in Frameworks */,
				D29C6ACE2BC7BECA007ECCCA /* FirebaseFirestoreCombine-Community in Frameworks */,
			);
			runOnlyForDeploymentPostprocessing = 0;
		};
		D2A818BD2B974F7A0049C0E5 /* Frameworks */ = {
			isa = PBXFrameworksBuildPhase;
			buildActionMask = 2147483647;
			files = (
			);
			runOnlyForDeploymentPostprocessing = 0;
		};
		D2A818C72B974F7A0049C0E5 /* Frameworks */ = {
			isa = PBXFrameworksBuildPhase;
			buildActionMask = 2147483647;
			files = (
			);
			runOnlyForDeploymentPostprocessing = 0;
		};
/* End PBXFrameworksBuildPhase section */

/* Begin PBXGroup section */
		D20D9EFE2B995E2200D183BA /* Home */ = {
			isa = PBXGroup;
			children = (
				D20D9EFF2B995E2900D183BA /* View */,
			);
			path = Home;
			sourceTree = "<group>";
		};
		D20D9EFF2B995E2900D183BA /* View */ = {
			isa = PBXGroup;
			children = (
				D2A7AA6D2BB5105E001841A7 /* TabView.swift */,
				D2A7AA6F2BB5120E001841A7 /* HomeView.swift */,
				D2A7AA712BB51B46001841A7 /* ListCategory.swift */,
				D2A7AA732BB51D3B001841A7 /* ListProduct.swift */,
				D2F839FF2BCAC8FE008ABB3F /* ListProductCategory.swift */,
				D2F83A012BCAC9C4008ABB3F /* ProductCategory.swift */,
			);
			path = View;
			sourceTree = "<group>";
		};
		D20D9F052B996DF000D183BA /* Product */ = {
			isa = PBXGroup;
			children = (
				D20D9F072B996E0100D183BA /* Model */,
				D20D9F062B996DFA00D183BA /* View */,
			);
			path = Product;
			sourceTree = "<group>";
		};
		D20D9F062B996DFA00D183BA /* View */ = {
			isa = PBXGroup;
			children = (
				D2A6844C2BCA179600B7D797 /* CategoryView.swift */,
				D2A6844E2BCA1C2D00B7D797 /* ProductAdd.swift */,
			);
			path = View;
			sourceTree = "<group>";
		};
		D20D9F072B996E0100D183BA /* Model */ = {
			isa = PBXGroup;
			children = (
			);
			path = Model;
			sourceTree = "<group>";
		};
		D21E12382B97EE5D00DEEDDD /* Button */ = {
			isa = PBXGroup;
			children = (
				D21E12392B97EE9000DEEDDD /* PressEffectButtonStyle.swift */,
				D2E43E5B2B98AA8000B15946 /* Chat.swift */,
				D2E43E602B98AAB700B15946 /* ProductCart.swift */,
				D2B442FE2BB2AADA0026834B /* buttonWelcome.swift */,
			);
			path = Button;
			sourceTree = "<group>";
		};
		D2268B092BB2B2650087E1B6 /* Payment */ = {
			isa = PBXGroup;
			children = (
				D2292A112BBC46680052805A /* View */,
			);
			path = Payment;
			sourceTree = "<group>";
		};
		D2292A112BBC46680052805A /* View */ = {
			isa = PBXGroup;
			children = (
				D2292A122BBC46800052805A /* MainPayment.swift */,
				D2A0F1982BBCDB38008C534A /* CheckoutView.swift */,
				D2A0F19A2BBCDB48008C534A /* PaymentView.swift */,
				D2A0F19C2BBCDB55008C534A /* SuccessView.swift */,
				D291102E2BBD8BCF003C6086 /* ProductCheckout.swift */,
				D2E722CF2BBE4E32000F2B44 /* PaymentWithApplePay.swift */,
				D2E722D12BBE4E3E000F2B44 /* PaymentWithCrypto.swift */,
				D2E722D32BBE4E4A000F2B44 /* PaymentWithCash.swift */,
				D2E722D72BBE97C2000F2B44 /* RuleView.swift */,
				D2B4A0A22BD642CC000F8FDD /* InforOrder.swift */,
				D2B4A0A72BD658B7000F8FDD /* Socket.swift */,
			);
			path = View;
			sourceTree = "<group>";
		};
		D28A45412BB8447C00DEF9DE /* Profile */ = {
			isa = PBXGroup;
			children = (
				D28A45422BB8448500DEF9DE /* View */,
			);
			path = Profile;
			sourceTree = "<group>";
		};
		D28A45422BB8448500DEF9DE /* View */ = {
			isa = PBXGroup;
			children = (
				D28A45432BB844F800DEF9DE /* RounderProfile.swift */,
				D28A45472BB84A5800DEF9DE /* ProfileView.swift */,
				D28A45492BB84A8600DEF9DE /* BottomProfileView.swift */,
				D28A454B2BB84A9F00DEF9DE /* BottomInfoView.swift */,
				D28B5EC82BC96CAD00D1794C /* updateProfile.swift */,
			);
			path = View;
			sourceTree = "<group>";
		};
		D28C91022BC4E2CB00CCC995 /* DeepLink */ = {
			isa = PBXGroup;
			children = (
				D28C91032BC4E2DC00CCC995 /* DeepLink.swift */,
			);
			path = DeepLink;
			sourceTree = "<group>";
		};
		D28C91052BC4E6AD00CCC995 /* Setting */ = {
			isa = PBXGroup;
			children = (
				D28C91062BC4E6B900CCC995 /* View */,
			);
			path = Setting;
			sourceTree = "<group>";
		};
		D28C91062BC4E6B900CCC995 /* View */ = {
			isa = PBXGroup;
			children = (
				D28C91072BC4E6C600CCC995 /* SettingView.swift */,
			);
			path = View;
			sourceTree = "<group>";
		};
		D29C6AE12BC7C1BE007ECCCA /* ModelView */ = {
			isa = PBXGroup;
			children = (
				D29C6AE42BC7C21E007ECCCA /* UserMV.swift */,
				D2A6844A2BCA14AE00B7D797 /* CategoriesMV.swift */,
				D2F839FD2BCAB6C8008ABB3F /* ProductMV.swift */,
				D2C2B49D2BCB6839005A0C3C /* CartMV.swift */,
				D2A85A9D2BCFA95400F11D88 /* DiscountMV.swift */,
				D2B73E3A2BD2A3810091CCAE /* OrderMV.swift */,
				D2B4A09E2BD5EF37000F8FDD /* CoinBaseMV.swift */,
			);
			path = ModelView;
			sourceTree = "<group>";
		};
		D2A7AA622BB4FDAB001841A7 /* product */ = {
			isa = PBXGroup;
			children = (
				D2E43E592B98AA6E00B15946 /* ProductView.swift */,
				D2A7AA632BB4FDC1001841A7 /* BottomProduct.swift */,
				D2A7AA752BB55D9D001841A7 /* DetailProductView.swift */,
			);
			path = product;
			sourceTree = "<group>";
		};
		D2A7AA652BB50ABD001841A7 /* Category */ = {
			isa = PBXGroup;
			children = (
				D2A7AA662BB50ACF001841A7 /* Category.swift */,
			);
			path = Category;
			sourceTree = "<group>";
		};
		D2A7AA682BB50C0B001841A7 /* Model */ = {
			isa = PBXGroup;
			children = (
				D20D9F082B996E1F00D183BA /* DetailProductModel.swift */,
				D2A7AA692BB50C1E001841A7 /* CategoryModel.swift */,
				D2C905F72BB66742007F0FE6 /* Product_Cartmodel.swift */,
				D2C906032BB6A74E007F0FE6 /* DiscountModel.swift */,
				D28A45452BB8472100DEF9DE /* UserModel.swift */,
				D29C6AE22BC7C1DE007ECCCA /* User.swift */,
				D2A684482BCA149C00B7D797 /* Categories.swift */,
				D2C2B49F2BCB6845005A0C3C /* Cart.swift */,
				D2A85A9B2BCFA8AC00F11D88 /* Discount.swift */,
				D2A85A9F2BD01D6000F11D88 /* Oder.swift */,
				D2B4A0A02BD5F298000F8FDD /* Payment.swift */,
			);
			path = Model;
			sourceTree = "<group>";
		};
		D2A818A52B974F770049C0E5 = {
			isa = PBXGroup;
			children = (
				D2BCA48C2BD6C13200B0AF63 /* ReadMe.md */,
				D2A818B02B974F770049C0E5 /* AppOrderFood */,
				D2A818C32B974F7A0049C0E5 /* AppOrderFoodTests */,
				D2A818CD2B974F7A0049C0E5 /* AppOrderFoodUITests */,
				D2A818AF2B974F770049C0E5 /* Products */,
			);
			sourceTree = "<group>";
		};
		D2A818AF2B974F770049C0E5 /* Products */ = {
			isa = PBXGroup;
			children = (
				D2A818AE2B974F770049C0E5 /* AppOrderFood.app */,
				D2A818C02B974F7A0049C0E5 /* AppOrderFoodTests.xctest */,
				D2A818CA2B974F7A0049C0E5 /* AppOrderFoodUITests.xctest */,
			);
			name = Products;
			sourceTree = "<group>";
		};
		D2A818B02B974F770049C0E5 /* AppOrderFood */ = {
			isa = PBXGroup;
			children = (
				D2B4A09C2BD5EB12000F8FDD /* GoogleService-Info.plist */,
				D29C6AE12BC7C1BE007ECCCA /* ModelView */,
				D2BB7AC12BBFEC7E002C0C56 /* Info.plist */,
				D2BB7ABB2BBF8AB6002C0C56 /* AppOrderFood.entitlements */,
				D2A7AA682BB50C0B001841A7 /* Model */,
				D2A818E12B9750880049C0E5 /* Services */,
				D2A818E02B9750770049C0E5 /* Modules */,
				D2A818DF2B9750710049C0E5 /* UI */,
				D2A818DD2B97505D0049C0E5 /* Common */,
				D2A818B12B974F770049C0E5 /* AppOrderFoodApp.swift */,
				D2A818B32B974F770049C0E5 /* ContentView.swift */,
				D2A818B52B974F770049C0E5 /* Item.swift */,
				D2A818B92B974F790049C0E5 /* Preview Content */,
			);
			path = AppOrderFood;
			sourceTree = "<group>";
		};
		D2A818B92B974F790049C0E5 /* Preview Content */ = {
			isa = PBXGroup;
			children = (
				D2A818BA2B974F790049C0E5 /* Preview Assets.xcassets */,
			);
			path = "Preview Content";
			sourceTree = "<group>";
		};
		D2A818C32B974F7A0049C0E5 /* AppOrderFoodTests */ = {
			isa = PBXGroup;
			children = (
				D2A818C42B974F7A0049C0E5 /* AppOrderFoodTests.swift */,
			);
			path = AppOrderFoodTests;
			sourceTree = "<group>";
		};
		D2A818CD2B974F7A0049C0E5 /* AppOrderFoodUITests */ = {
			isa = PBXGroup;
			children = (
				D2A818CE2B974F7A0049C0E5 /* AppOrderFoodUITests.swift */,
				D2A818D02B974F7A0049C0E5 /* AppOrderFoodUITestsLaunchTests.swift */,
			);
			path = AppOrderFoodUITests;
			sourceTree = "<group>";
		};
		D2A818DD2B97505D0049C0E5 /* Common */ = {
			isa = PBXGroup;
			children = (
				D2B442FC2BB2A8330026834B /* bgvideo.mp4 */,
				D2A818DE2B9750660049C0E5 /* Resources */,
				D29C6AE82BC7D7D3007ECCCA /* Launch Screen.storyboard */,
			);
			path = Common;
			sourceTree = "<group>";
		};
		D2A818DE2B9750660049C0E5 /* Resources */ = {
			isa = PBXGroup;
			children = (
				D2A818B72B974F790049C0E5 /* Assets.xcassets */,
			);
			path = Resources;
			sourceTree = "<group>";
		};
		D2A818DF2B9750710049C0E5 /* UI */ = {
			isa = PBXGroup;
			children = (
				D2A7AA652BB50ABD001841A7 /* Category */,
				D2A7AA622BB4FDAB001841A7 /* product */,
				D2E43E5D2B98AA8400B15946 /* Image */,
				D2E43E552B98AA3600B15946 /* Bar */,
				D2E43E522B98A55500B15946 /* TextField */,
				D21E12382B97EE5D00DEEDDD /* Button */,
			);
			path = UI;
			sourceTree = "<group>";
		};
		D2A818E02B9750770049C0E5 /* Modules */ = {
			isa = PBXGroup;
			children = (
				D2BCA47E2BD6978100B0AF63 /* Order */,
				D28C91052BC4E6AD00CCC995 /* Setting */,
				D28C91022BC4E2CB00CCC995 /* DeepLink */,
				D2BB7ABE2BBFEAAB002C0C56 /* Tracking */,
				D28A45412BB8447C00DEF9DE /* Profile */,
				D2268B092BB2B2650087E1B6 /* Payment */,
				D2ADAC3F2B9A985C008A1861 /* ProductCart */,
				D20D9F052B996DF000D183BA /* Product */,
				D20D9EFE2B995E2200D183BA /* Home */,
				D2E43E622B98AADB00B15946 /* DeleteAccount */,
				D2A818F12B9760DD0049C0E5 /* ForgotPassword */,
				D2A818ED2B975F4E0049C0E5 /* Signin */,
				D2A818E32B9750BF0049C0E5 /* Login */,
			);
			path = Modules;
			sourceTree = "<group>";
		};
		D2A818E12B9750880049C0E5 /* Services */ = {
			isa = PBXGroup;
			children = (
				D2A818E22B9750920049C0E5 /* APIService */,
			);
			path = Services;
			sourceTree = "<group>";
		};
		D2A818E22B9750920049C0E5 /* APIService */ = {
			isa = PBXGroup;
			children = (
				D2E722D52BBE8B9D000F2B44 /* PaymentHandler.swift */,
			);
			path = APIService;
			sourceTree = "<group>";
		};
		D2A818E32B9750BF0049C0E5 /* Login */ = {
			isa = PBXGroup;
			children = (
				D2A818E42B9750CA0049C0E5 /* View */,
			);
			path = Login;
			sourceTree = "<group>";
		};
		D2A818E42B9750CA0049C0E5 /* View */ = {
			isa = PBXGroup;
			children = (
				D2EE116D2BB267DE00A9117E /* PlayerView.swift */,
				D2A818EB2B975B390049C0E5 /* LoginView.swift */,
				D2EE116B2BB265FC00A9117E /* WelcomeView.swift */,
				D2339C312BB2AE7E001A1AB3 /* BottomWelcomeView.swift */,
				D2268B072BB2B2560087E1B6 /* signView.swift */,
				D2BB7ABC2BBF9E2F002C0C56 /* ButtonApplesignin.swift */,
			);
			path = View;
			sourceTree = "<group>";
		};
		D2A818ED2B975F4E0049C0E5 /* Signin */ = {
			isa = PBXGroup;
			children = (
				D2A818EE2B975F600049C0E5 /* View */,
			);
			path = Signin;
			sourceTree = "<group>";
		};
		D2A818EE2B975F600049C0E5 /* View */ = {
			isa = PBXGroup;
			children = (
				D2A818EF2B975F710049C0E5 /* SigninView.swift */,
			);
			path = View;
			sourceTree = "<group>";
		};
		D2A818F12B9760DD0049C0E5 /* ForgotPassword */ = {
			isa = PBXGroup;
			children = (
				D2A818F22B9760F00049C0E5 /* View */,
			);
			path = ForgotPassword;
			sourceTree = "<group>";
		};
		D2A818F22B9760F00049C0E5 /* View */ = {
			isa = PBXGroup;
			children = (
				D2A818F32B9760FC0049C0E5 /* ForgotPasswordView.swift */,
				D2E43E502B98A38C00B15946 /* SentOtpView.swift */,
			);
			path = View;
			sourceTree = "<group>";
		};
		D2ADAC3F2B9A985C008A1861 /* ProductCart */ = {
			isa = PBXGroup;
			children = (
				D2ADAC412B9A9874008A1861 /* Model */,
				D2ADAC402B9A9867008A1861 /* View */,
			);
			path = ProductCart;
			sourceTree = "<group>";
		};
		D2ADAC402B9A9867008A1861 /* View */ = {
			isa = PBXGroup;
			children = (
				D2ADAC422B9A9926008A1861 /* ItemCartView.swift */,
				D2ADAC462B9A9B94008A1861 /* CartView.swift */,
				D2C905F92BB669CD007F0FE6 /* ListCartView.swift */,
				D2C905FB2BB6709B007F0FE6 /* BottomCartView.swift */,
				D2C905FD2BB69EC3007F0FE6 /* DiscountView.swift */,
				D2C905FF2BB6A49F007F0FE6 /* DiscountShape.swift */,
				D2C906052BB6AB1F007F0FE6 /* ListDiscount.swift */,
				D2A85A972BCFA83C00F11D88 /* DiscountAddView.swift */,
			);
			path = View;
			sourceTree = "<group>";
		};
		D2ADAC412B9A9874008A1861 /* Model */ = {
			isa = PBXGroup;
			children = (
			);
			path = Model;
			sourceTree = "<group>";
		};
		D2BB7ABE2BBFEAAB002C0C56 /* Tracking */ = {
			isa = PBXGroup;
			children = (
				D2BB7ABF2BBFEAE7002C0C56 /* MapView.swift */,
				D2BB7AC22BC03F95002C0C56 /* TrackingView.swift */,
				D2BB7AC42BC04000002C0C56 /* Status.swift */,
				D2BCA48A2BD6AEC200B0AF63 /* TrackOrderView.swift */,
			);
			path = Tracking;
			sourceTree = "<group>";
		};
		D2BCA47E2BD6978100B0AF63 /* Order */ = {
			isa = PBXGroup;
			children = (
				D2BCA47F2BD6979000B0AF63 /* View */,
			);
			path = Order;
			sourceTree = "<group>";
		};
		D2BCA47F2BD6979000B0AF63 /* View */ = {
			isa = PBXGroup;
			children = (
				D2BCA4802BD6979F00B0AF63 /* OrderView.swift */,
				D2BCA4822BD697AC00B0AF63 /* ListOrder.swift */,
				D2BCA4842BD697B800B0AF63 /* OrderRow.swift */,
				D2BCA4862BD6A17D00B0AF63 /* ListProductOrder.swift */,
				D2BCA4882BD6A18B00B0AF63 /* RowProductOrder.swift */,
			);
			path = View;
			sourceTree = "<group>";
		};
		D2E43E522B98A55500B15946 /* TextField */ = {
			isa = PBXGroup;
			children = (
				D2E43E532B98A57000B15946 /* OtpModifer.swift */,
			);
			path = TextField;
			sourceTree = "<group>";
		};
		D2E43E552B98AA3600B15946 /* Bar */ = {
			isa = PBXGroup;
			children = (
				D2A7AA6B2BB50F55001841A7 /* CustomTabBar.swift */,
			);
			path = Bar;
			sourceTree = "<group>";
		};
		D2E43E5D2B98AA8400B15946 /* Image */ = {
			isa = PBXGroup;
			children = (
				D2E43E5E2B98AA9900B15946 /* ImageCircle.swift */,
			);
			path = Image;
			sourceTree = "<group>";
		};
		D2E43E622B98AADB00B15946 /* DeleteAccount */ = {
			isa = PBXGroup;
			children = (
				D2E43E632B98AAE800B15946 /* View */,
			);
			path = DeleteAccount;
			sourceTree = "<group>";
		};
		D2E43E632B98AAE800B15946 /* View */ = {
			isa = PBXGroup;
			children = (
				D2E43E642B98AAFF00B15946 /* DeleteAccountView.swift */,
			);
			path = View;
			sourceTree = "<group>";
		};
/* End PBXGroup section */

/* Begin PBXNativeTarget section */
		D2A818AD2B974F770049C0E5 /* AppOrderFood */ = {
			isa = PBXNativeTarget;
			buildConfigurationList = D2A818D42B974F7A0049C0E5 /* Build configuration list for PBXNativeTarget "AppOrderFood" */;
			buildPhases = (
				D2A818AA2B974F770049C0E5 /* Sources */,
				D2A818AB2B974F770049C0E5 /* Frameworks */,
				D2A818AC2B974F770049C0E5 /* Resources */,
			);
			buildRules = (
			);
			dependencies = (
			);
			name = AppOrderFood;
			packageProductDependencies = (
				D29C6AB32BC7BECA007ECCCA /* FirebaseAnalytics */,
				D29C6AB52BC7BECA007ECCCA /* FirebaseAnalyticsOnDeviceConversion */,
				D29C6AB72BC7BECA007ECCCA /* FirebaseAnalyticsSwift */,
				D29C6AB92BC7BECA007ECCCA /* FirebaseAnalyticsWithoutAdIdSupport */,
				D29C6ABB2BC7BECA007ECCCA /* FirebaseAppCheck */,
				D29C6ABD2BC7BECA007ECCCA /* FirebaseAppDistribution-Beta */,
				D29C6ABF2BC7BECA007ECCCA /* FirebaseAuth */,
				D29C6AC12BC7BECA007ECCCA /* FirebaseAuthCombine-Community */,
				D29C6AC32BC7BECA007ECCCA /* FirebaseCrashlytics */,
				D29C6AC52BC7BECA007ECCCA /* FirebaseDatabase */,
				D29C6AC72BC7BECA007ECCCA /* FirebaseDatabaseSwift */,
				D29C6AC92BC7BECA007ECCCA /* FirebaseDynamicLinks */,
				D29C6ACB2BC7BECA007ECCCA /* FirebaseFirestore */,
				D29C6ACD2BC7BECA007ECCCA /* FirebaseFirestoreCombine-Community */,
				D29C6ACF2BC7BECA007ECCCA /* FirebaseInstallations */,
				D29C6AD12BC7BECA007ECCCA /* FirebaseMLModelDownloader */,
				D29C6AD32BC7BECA007ECCCA /* FirebaseMessaging */,
				D29C6AD52BC7BECA007ECCCA /* FirebasePerformance */,
				D29C6AD72BC7BECA007ECCCA /* FirebaseRemoteConfig */,
				D29C6AD92BC7BECA007ECCCA /* FirebaseRemoteConfigSwift */,
				D29C6ADB2BC7BECA007ECCCA /* FirebaseStorage */,
				D29C6ADD2BC7BECA007ECCCA /* FirebaseStorageCombine-Community */,
				D2B4A0A52BD6568F000F8FDD /* SocketIO */,
			);
			productName = AppOrderFood;
			productReference = D2A818AE2B974F770049C0E5 /* AppOrderFood.app */;
			productType = "com.apple.product-type.application";
		};
		D2A818BF2B974F7A0049C0E5 /* AppOrderFoodTests */ = {
			isa = PBXNativeTarget;
			buildConfigurationList = D2A818D72B974F7A0049C0E5 /* Build configuration list for PBXNativeTarget "AppOrderFoodTests" */;
			buildPhases = (
				D2A818BC2B974F7A0049C0E5 /* Sources */,
				D2A818BD2B974F7A0049C0E5 /* Frameworks */,
				D2A818BE2B974F7A0049C0E5 /* Resources */,
			);
			buildRules = (
			);
			dependencies = (
				D2A818C22B974F7A0049C0E5 /* PBXTargetDependency */,
			);
			name = AppOrderFoodTests;
			productName = AppOrderFoodTests;
			productReference = D2A818C02B974F7A0049C0E5 /* AppOrderFoodTests.xctest */;
			productType = "com.apple.product-type.bundle.unit-test";
		};
		D2A818C92B974F7A0049C0E5 /* AppOrderFoodUITests */ = {
			isa = PBXNativeTarget;
			buildConfigurationList = D2A818DA2B974F7A0049C0E5 /* Build configuration list for PBXNativeTarget "AppOrderFoodUITests" */;
			buildPhases = (
				D2A818C62B974F7A0049C0E5 /* Sources */,
				D2A818C72B974F7A0049C0E5 /* Frameworks */,
				D2A818C82B974F7A0049C0E5 /* Resources */,
			);
			buildRules = (
			);
			dependencies = (
				D2A818CC2B974F7A0049C0E5 /* PBXTargetDependency */,
			);
			name = AppOrderFoodUITests;
			productName = AppOrderFoodUITests;
			productReference = D2A818CA2B974F7A0049C0E5 /* AppOrderFoodUITests.xctest */;
			productType = "com.apple.product-type.bundle.ui-testing";
		};
/* End PBXNativeTarget section */

/* Begin PBXProject section */
		D2A818A62B974F770049C0E5 /* Project object */ = {
			isa = PBXProject;
			attributes = {
				BuildIndependentTargetsInParallel = 1;
				LastSwiftUpdateCheck = 1520;
				LastUpgradeCheck = 1520;
				TargetAttributes = {
					D2A818AD2B974F770049C0E5 = {
						CreatedOnToolsVersion = 15.2;
					};
					D2A818BF2B974F7A0049C0E5 = {
						CreatedOnToolsVersion = 15.2;
						TestTargetID = D2A818AD2B974F770049C0E5;
					};
					D2A818C92B974F7A0049C0E5 = {
						CreatedOnToolsVersion = 15.2;
						TestTargetID = D2A818AD2B974F770049C0E5;
					};
				};
			};
			buildConfigurationList = D2A818A92B974F770049C0E5 /* Build configuration list for PBXProject "AppOrderFood" */;
			compatibilityVersion = "Xcode 15.3";
			developmentRegion = en;
			hasScannedForEncodings = 0;
			knownRegions = (
				en,
				Base,
			);
			mainGroup = D2A818A52B974F770049C0E5;
			packageReferences = (
				D29C6AB22BC7BECA007ECCCA /* XCRemoteSwiftPackageReference "firebase-ios-sdk" */,
				D2B4A0A42BD6568F000F8FDD /* XCRemoteSwiftPackageReference "socket" */,
			);
			productRefGroup = D2A818AF2B974F770049C0E5 /* Products */;
			projectDirPath = "";
			projectRoot = "";
			targets = (
				D2A818AD2B974F770049C0E5 /* AppOrderFood */,
				D2A818BF2B974F7A0049C0E5 /* AppOrderFoodTests */,
				D2A818C92B974F7A0049C0E5 /* AppOrderFoodUITests */,
			);
		};
/* End PBXProject section */

/* Begin PBXResourcesBuildPhase section */
		D2A818AC2B974F770049C0E5 /* Resources */ = {
			isa = PBXResourcesBuildPhase;
			buildActionMask = 2147483647;
			files = (
				D2A818BB2B974F790049C0E5 /* Preview Assets.xcassets in Resources */,
				D2B442FD2BB2A8330026834B /* bgvideo.mp4 in Resources */,
				D2BCA48D2BD6C13200B0AF63 /* ReadMe.md in Resources */,
				D2B4A09D2BD5EB12000F8FDD /* GoogleService-Info.plist in Resources */,
				D29C6AE92BC7D7D3007ECCCA /* Launch Screen.storyboard in Resources */,
				D2A818B82B974F790049C0E5 /* Assets.xcassets in Resources */,
			);
			runOnlyForDeploymentPostprocessing = 0;
		};
		D2A818BE2B974F7A0049C0E5 /* Resources */ = {
			isa = PBXResourcesBuildPhase;
			buildActionMask = 2147483647;
			files = (
			);
			runOnlyForDeploymentPostprocessing = 0;
		};
		D2A818C82B974F7A0049C0E5 /* Resources */ = {
			isa = PBXResourcesBuildPhase;
			buildActionMask = 2147483647;
			files = (
			);
			runOnlyForDeploymentPostprocessing = 0;
		};
/* End PBXResourcesBuildPhase section */

/* Begin PBXSourcesBuildPhase section */
		D2A818AA2B974F770049C0E5 /* Sources */ = {
			isa = PBXSourcesBuildPhase;
			buildActionMask = 2147483647;
			files = (
				D2A7AA6A2BB50C1E001841A7 /* CategoryModel.swift in Sources */,
				D2A0F19B2BBCDB48008C534A /* PaymentView.swift in Sources */,
				D28B5EC92BC96CAD00D1794C /* updateProfile.swift in Sources */,
				D2B73E3B2BD2A3810091CCAE /* OrderMV.swift in Sources */,
				D2A818B42B974F770049C0E5 /* ContentView.swift in Sources */,
				D2E722D62BBE8B9E000F2B44 /* PaymentHandler.swift in Sources */,
				D2F839FE2BCAB6C8008ABB3F /* ProductMV.swift in Sources */,
				D2C906062BB6AB1F007F0FE6 /* ListDiscount.swift in Sources */,
				D2E43E512B98A38D00B15946 /* SentOtpView.swift in Sources */,
				D2C905FE2BB69EC3007F0FE6 /* DiscountView.swift in Sources */,
				D2A7AA742BB51D3B001841A7 /* ListProduct.swift in Sources */,
				D29C6AE32BC7C1DE007ECCCA /* User.swift in Sources */,
				D2A85A9E2BCFA95400F11D88 /* DiscountMV.swift in Sources */,
				D2A7AA672BB50ACF001841A7 /* Category.swift in Sources */,
				D21E123A2B97EE9000DEEDDD /* PressEffectButtonStyle.swift in Sources */,
				D2E722D42BBE4E4A000F2B44 /* PaymentWithCash.swift in Sources */,
				D2A818F42B9760FC0049C0E5 /* ForgotPasswordView.swift in Sources */,
				D2F83A002BCAC8FE008ABB3F /* ListProductCategory.swift in Sources */,
				D2A7AA722BB51B46001841A7 /* ListCategory.swift in Sources */,
				D2ADAC472B9A9B94008A1861 /* CartView.swift in Sources */,
				D2EE116C2BB265FC00A9117E /* WelcomeView.swift in Sources */,
				D29C6AE52BC7C21E007ECCCA /* UserMV.swift in Sources */,
				D28A45442BB844F800DEF9DE /* RounderProfile.swift in Sources */,
				D2A85A9C2BCFA8AC00F11D88 /* Discount.swift in Sources */,
				D28A45482BB84A5800DEF9DE /* ProfileView.swift in Sources */,
				D2BB7AC52BC04000002C0C56 /* Status.swift in Sources */,
				D2E43E542B98A57000B15946 /* OtpModifer.swift in Sources */,
				D2A6844B2BCA14AE00B7D797 /* CategoriesMV.swift in Sources */,
				D2BCA4852BD697B800B0AF63 /* OrderRow.swift in Sources */,
				D2292A132BBC46800052805A /* MainPayment.swift in Sources */,
				D2A0F19D2BBCDB55008C534A /* SuccessView.swift in Sources */,
				D2A7AA6E2BB5105E001841A7 /* TabView.swift in Sources */,
				D2A0F1992BBCDB38008C534A /* CheckoutView.swift in Sources */,
				D2B4A0A82BD658B7000F8FDD /* Socket.swift in Sources */,
				D2339C322BB2AE7E001A1AB3 /* BottomWelcomeView.swift in Sources */,
				D2C2B49E2BCB6839005A0C3C /* CartMV.swift in Sources */,
				D2B4A0A12BD5F298000F8FDD /* Payment.swift in Sources */,
				D2268B082BB2B2560087E1B6 /* signView.swift in Sources */,
				D2C905F82BB66742007F0FE6 /* Product_Cartmodel.swift in Sources */,
				D28A45462BB8472100DEF9DE /* UserModel.swift in Sources */,
				D2ADAC432B9A9926008A1861 /* ItemCartView.swift in Sources */,
				D2E722D02BBE4E32000F2B44 /* PaymentWithApplePay.swift in Sources */,
				D2A818B62B974F770049C0E5 /* Item.swift in Sources */,
				D28A454C2BB84A9F00DEF9DE /* BottomInfoView.swift in Sources */,
				D2E43E612B98AAB700B15946 /* ProductCart.swift in Sources */,
				D2C905FA2BB669CD007F0FE6 /* ListCartView.swift in Sources */,
				D2C2B4A02BCB6845005A0C3C /* Cart.swift in Sources */,
				D2A7AA762BB55D9D001841A7 /* DetailProductView.swift in Sources */,
				D2E722D22BBE4E3E000F2B44 /* PaymentWithCrypto.swift in Sources */,
				D2A7AA702BB5120E001841A7 /* HomeView.swift in Sources */,
				D2BCA4872BD6A17D00B0AF63 /* ListProductOrder.swift in Sources */,
				D2BB7AC32BC03F95002C0C56 /* TrackingView.swift in Sources */,
				D2BCA4892BD6A18B00B0AF63 /* RowProductOrder.swift in Sources */,
				D2A85A982BCFA83C00F11D88 /* DiscountAddView.swift in Sources */,
				D2BCA4812BD6979F00B0AF63 /* OrderView.swift in Sources */,
				D2A818F02B975F710049C0E5 /* SigninView.swift in Sources */,
				D2A7AA642BB4FDC1001841A7 /* BottomProduct.swift in Sources */,
				D2C905FC2BB6709B007F0FE6 /* BottomCartView.swift in Sources */,
				D2A6844D2BCA179600B7D797 /* CategoryView.swift in Sources */,
				D2B4A09F2BD5EF37000F8FDD /* CoinBaseMV.swift in Sources */,
				D2A818B22B974F770049C0E5 /* AppOrderFoodApp.swift in Sources */,
				D28C91042BC4E2DC00CCC995 /* DeepLink.swift in Sources */,
				D2E43E5C2B98AA8000B15946 /* Chat.swift in Sources */,
				D2B442FF2BB2AADA0026834B /* buttonWelcome.swift in Sources */,
				D2C906002BB6A49F007F0FE6 /* DiscountShape.swift in Sources */,
				D2BB7ABD2BBF9E2F002C0C56 /* ButtonApplesignin.swift in Sources */,
				D2EE116E2BB267DE00A9117E /* PlayerView.swift in Sources */,
				D2A684492BCA149C00B7D797 /* Categories.swift in Sources */,
				D2A85AA02BD01D6000F11D88 /* Oder.swift in Sources */,
				D291102F2BBD8BCF003C6086 /* ProductCheckout.swift in Sources */,
				D2A818EC2B975B390049C0E5 /* LoginView.swift in Sources */,
				D2A6844F2BCA1C2D00B7D797 /* ProductAdd.swift in Sources */,
				D28C91082BC4E6C600CCC995 /* SettingView.swift in Sources */,
				D28A454A2BB84A8600DEF9DE /* BottomProfileView.swift in Sources */,
				D2BB7AC02BBFEAE7002C0C56 /* MapView.swift in Sources */,
				D2BCA4832BD697AC00B0AF63 /* ListOrder.swift in Sources */,
				D2E43E5F2B98AA9900B15946 /* ImageCircle.swift in Sources */,
				D2E722D82BBE97C2000F2B44 /* RuleView.swift in Sources */,
				D20D9F092B996E1F00D183BA /* DetailProductModel.swift in Sources */,
				D2BCA48B2BD6AEC200B0AF63 /* TrackOrderView.swift in Sources */,
				D2F83A022BCAC9C4008ABB3F /* ProductCategory.swift in Sources */,
				D2B4A0A32BD642CC000F8FDD /* InforOrder.swift in Sources */,
				D2E43E652B98AAFF00B15946 /* DeleteAccountView.swift in Sources */,
				D2E43E5A2B98AA6E00B15946 /* ProductView.swift in Sources */,
				D2A7AA6C2BB50F55001841A7 /* CustomTabBar.swift in Sources */,
				D2C906042BB6A74E007F0FE6 /* DiscountModel.swift in Sources */,
			);
			runOnlyForDeploymentPostprocessing = 0;
		};
		D2A818BC2B974F7A0049C0E5 /* Sources */ = {
			isa = PBXSourcesBuildPhase;
			buildActionMask = 2147483647;
			files = (
				D2A818C52B974F7A0049C0E5 /* AppOrderFoodTests.swift in Sources */,
			);
			runOnlyForDeploymentPostprocessing = 0;
		};
		D2A818C62B974F7A0049C0E5 /* Sources */ = {
			isa = PBXSourcesBuildPhase;
			buildActionMask = 2147483647;
			files = (
				D2A818CF2B974F7A0049C0E5 /* AppOrderFoodUITests.swift in Sources */,
				D2A818D12B974F7A0049C0E5 /* AppOrderFoodUITestsLaunchTests.swift in Sources */,
			);
			runOnlyForDeploymentPostprocessing = 0;
		};
/* End PBXSourcesBuildPhase section */

/* Begin PBXTargetDependency section */
		D2A818C22B974F7A0049C0E5 /* PBXTargetDependency */ = {
			isa = PBXTargetDependency;
			target = D2A818AD2B974F770049C0E5 /* AppOrderFood */;
			targetProxy = D2A818C12B974F7A0049C0E5 /* PBXContainerItemProxy */;
		};
		D2A818CC2B974F7A0049C0E5 /* PBXTargetDependency */ = {
			isa = PBXTargetDependency;
			target = D2A818AD2B974F770049C0E5 /* AppOrderFood */;
			targetProxy = D2A818CB2B974F7A0049C0E5 /* PBXContainerItemProxy */;
		};
/* End PBXTargetDependency section */

/* Begin XCBuildConfiguration section */
		D2A818D22B974F7A0049C0E5 /* Debug */ = {
			isa = XCBuildConfiguration;
			buildSettings = {
				ALWAYS_SEARCH_USER_PATHS = NO;
				ASSETCATALOG_COMPILER_GENERATE_SWIFT_ASSET_SYMBOL_EXTENSIONS = YES;
				CLANG_ANALYZER_NONNULL = YES;
				CLANG_ANALYZER_NUMBER_OBJECT_CONVERSION = YES_AGGRESSIVE;
				CLANG_CXX_LANGUAGE_STANDARD = "gnu++20";
				CLANG_ENABLE_MODULES = YES;
				CLANG_ENABLE_OBJC_ARC = YES;
				CLANG_ENABLE_OBJC_WEAK = YES;
				CLANG_WARN_BLOCK_CAPTURE_AUTORELEASING = YES;
				CLANG_WARN_BOOL_CONVERSION = YES;
				CLANG_WARN_COMMA = YES;
				CLANG_WARN_CONSTANT_CONVERSION = YES;
				CLANG_WARN_DEPRECATED_OBJC_IMPLEMENTATIONS = YES;
				CLANG_WARN_DIRECT_OBJC_ISA_USAGE = YES_ERROR;
				CLANG_WARN_DOCUMENTATION_COMMENTS = YES;
				CLANG_WARN_EMPTY_BODY = YES;
				CLANG_WARN_ENUM_CONVERSION = YES;
				CLANG_WARN_INFINITE_RECURSION = YES;
				CLANG_WARN_INT_CONVERSION = YES;
				CLANG_WARN_NON_LITERAL_NULL_CONVERSION = YES;
				CLANG_WARN_OBJC_IMPLICIT_RETAIN_SELF = YES;
				CLANG_WARN_OBJC_LITERAL_CONVERSION = YES;
				CLANG_WARN_OBJC_ROOT_CLASS = YES_ERROR;
				CLANG_WARN_QUOTED_INCLUDE_IN_FRAMEWORK_HEADER = YES;
				CLANG_WARN_RANGE_LOOP_ANALYSIS = YES;
				CLANG_WARN_STRICT_PROTOTYPES = YES;
				CLANG_WARN_SUSPICIOUS_MOVE = YES;
				CLANG_WARN_UNGUARDED_AVAILABILITY = YES_AGGRESSIVE;
				CLANG_WARN_UNREACHABLE_CODE = YES;
				CLANG_WARN__DUPLICATE_METHOD_MATCH = YES;
				COPY_PHASE_STRIP = NO;
				DEBUG_INFORMATION_FORMAT = dwarf;
				ENABLE_STRICT_OBJC_MSGSEND = YES;
				ENABLE_TESTABILITY = YES;
				ENABLE_USER_SCRIPT_SANDBOXING = YES;
				GCC_C_LANGUAGE_STANDARD = gnu17;
				GCC_DYNAMIC_NO_PIC = NO;
				GCC_NO_COMMON_BLOCKS = YES;
				GCC_OPTIMIZATION_LEVEL = 0;
				GCC_PREPROCESSOR_DEFINITIONS = (
					"DEBUG=1",
					"$(inherited)",
				);
				GCC_WARN_64_TO_32_BIT_CONVERSION = YES;
				GCC_WARN_ABOUT_RETURN_TYPE = YES_ERROR;
				GCC_WARN_UNDECLARED_SELECTOR = YES;
				GCC_WARN_UNINITIALIZED_AUTOS = YES_AGGRESSIVE;
				GCC_WARN_UNUSED_FUNCTION = YES;
				GCC_WARN_UNUSED_VARIABLE = YES;
				IPHONEOS_DEPLOYMENT_TARGET = 17.1;
				LOCALIZATION_PREFERS_STRING_CATALOGS = YES;
				MTL_ENABLE_DEBUG_INFO = INCLUDE_SOURCE;
				MTL_FAST_MATH = YES;
				ONLY_ACTIVE_ARCH = YES;
				SDKROOT = iphoneos;
				SWIFT_ACTIVE_COMPILATION_CONDITIONS = "DEBUG $(inherited)";
				SWIFT_OPTIMIZATION_LEVEL = "-Onone";
			};
			name = Debug;
		};
		D2A818D32B974F7A0049C0E5 /* Release */ = {
			isa = XCBuildConfiguration;
			buildSettings = {
				ALWAYS_SEARCH_USER_PATHS = NO;
				ASSETCATALOG_COMPILER_GENERATE_SWIFT_ASSET_SYMBOL_EXTENSIONS = YES;
				CLANG_ANALYZER_NONNULL = YES;
				CLANG_ANALYZER_NUMBER_OBJECT_CONVERSION = YES_AGGRESSIVE;
				CLANG_CXX_LANGUAGE_STANDARD = "gnu++20";
				CLANG_ENABLE_MODULES = YES;
				CLANG_ENABLE_OBJC_ARC = YES;
				CLANG_ENABLE_OBJC_WEAK = YES;
				CLANG_WARN_BLOCK_CAPTURE_AUTORELEASING = YES;
				CLANG_WARN_BOOL_CONVERSION = YES;
				CLANG_WARN_COMMA = YES;
				CLANG_WARN_CONSTANT_CONVERSION = YES;
				CLANG_WARN_DEPRECATED_OBJC_IMPLEMENTATIONS = YES;
				CLANG_WARN_DIRECT_OBJC_ISA_USAGE = YES_ERROR;
				CLANG_WARN_DOCUMENTATION_COMMENTS = YES;
				CLANG_WARN_EMPTY_BODY = YES;
				CLANG_WARN_ENUM_CONVERSION = YES;
				CLANG_WARN_INFINITE_RECURSION = YES;
				CLANG_WARN_INT_CONVERSION = YES;
				CLANG_WARN_NON_LITERAL_NULL_CONVERSION = YES;
				CLANG_WARN_OBJC_IMPLICIT_RETAIN_SELF = YES;
				CLANG_WARN_OBJC_LITERAL_CONVERSION = YES;
				CLANG_WARN_OBJC_ROOT_CLASS = YES_ERROR;
				CLANG_WARN_QUOTED_INCLUDE_IN_FRAMEWORK_HEADER = YES;
				CLANG_WARN_RANGE_LOOP_ANALYSIS = YES;
				CLANG_WARN_STRICT_PROTOTYPES = YES;
				CLANG_WARN_SUSPICIOUS_MOVE = YES;
				CLANG_WARN_UNGUARDED_AVAILABILITY = YES_AGGRESSIVE;
				CLANG_WARN_UNREACHABLE_CODE = YES;
				CLANG_WARN__DUPLICATE_METHOD_MATCH = YES;
				COPY_PHASE_STRIP = NO;
				DEBUG_INFORMATION_FORMAT = "dwarf-with-dsym";
				ENABLE_NS_ASSERTIONS = NO;
				ENABLE_STRICT_OBJC_MSGSEND = YES;
				ENABLE_USER_SCRIPT_SANDBOXING = YES;
				GCC_C_LANGUAGE_STANDARD = gnu17;
				GCC_NO_COMMON_BLOCKS = YES;
				GCC_WARN_64_TO_32_BIT_CONVERSION = YES;
				GCC_WARN_ABOUT_RETURN_TYPE = YES_ERROR;
				GCC_WARN_UNDECLARED_SELECTOR = YES;
				GCC_WARN_UNINITIALIZED_AUTOS = YES_AGGRESSIVE;
				GCC_WARN_UNUSED_FUNCTION = YES;
				GCC_WARN_UNUSED_VARIABLE = YES;
				IPHONEOS_DEPLOYMENT_TARGET = 17.1;
				LOCALIZATION_PREFERS_STRING_CATALOGS = YES;
				MTL_ENABLE_DEBUG_INFO = NO;
				MTL_FAST_MATH = YES;
				SDKROOT = iphoneos;
				SWIFT_COMPILATION_MODE = wholemodule;
				VALIDATE_PRODUCT = YES;
			};
			name = Release;
		};
		D2A818D52B974F7A0049C0E5 /* Debug */ = {
			isa = XCBuildConfiguration;
			buildSettings = {
				ASSETCATALOG_COMPILER_APPICON_NAME = AppIcon;
				ASSETCATALOG_COMPILER_GLOBAL_ACCENT_COLOR_NAME = AccentColor;
				CODE_SIGN_ENTITLEMENTS = AppOrderFood/AppOrderFood.entitlements;
				CODE_SIGN_IDENTITY = "Apple Development";
				CODE_SIGN_STYLE = Automatic;
				CURRENT_PROJECT_VERSION = 1;
				DEVELOPMENT_ASSET_PATHS = "\"AppOrderFood/Preview Content\"";
				DEVELOPMENT_TEAM = YAH93RZF3C;
				ENABLE_PREVIEWS = YES;
				GENERATE_INFOPLIST_FILE = YES;
				INFOPLIST_FILE = AppOrderFood/Info.plist;
				INFOPLIST_KEY_NSLocationWhenInUseUsageDescription = "we want to sell your location history and profit";
				INFOPLIST_KEY_UIApplicationSceneManifest_Generation = YES;
				INFOPLIST_KEY_UIApplicationSupportsIndirectInputEvents = YES;
				INFOPLIST_KEY_UILaunchScreen_Generation = YES;
				INFOPLIST_KEY_UILaunchStoryboardName = "Launch Screen.storyboard";
				INFOPLIST_KEY_UISupportedInterfaceOrientations_iPad = "UIInterfaceOrientationPortrait UIInterfaceOrientationPortraitUpsideDown UIInterfaceOrientationLandscapeLeft UIInterfaceOrientationLandscapeRight";
				INFOPLIST_KEY_UISupportedInterfaceOrientations_iPhone = "UIInterfaceOrientationPortrait UIInterfaceOrientationLandscapeLeft UIInterfaceOrientationLandscapeRight";
				LD_RUNPATH_SEARCH_PATHS = (
					"$(inherited)",
					"@executable_path/Frameworks",
				);
				MARKETING_VERSION = 1.0;
				PRODUCT_BUNDLE_IDENTIFIER = com.henrytran.AppOrderFood;
				PRODUCT_NAME = "$(TARGET_NAME)";
				PROVISIONING_PROFILE_SPECIFIER = "";
				SWIFT_EMIT_LOC_STRINGS = YES;
				SWIFT_VERSION = 5.0;
				TARGETED_DEVICE_FAMILY = "1,2";
			};
			name = Debug;
		};
		D2A818D62B974F7A0049C0E5 /* Release */ = {
			isa = XCBuildConfiguration;
			buildSettings = {
				ASSETCATALOG_COMPILER_APPICON_NAME = AppIcon;
				ASSETCATALOG_COMPILER_GLOBAL_ACCENT_COLOR_NAME = AccentColor;
				CODE_SIGN_ENTITLEMENTS = AppOrderFood/AppOrderFood.entitlements;
				CODE_SIGN_IDENTITY = "Apple Development";
				CODE_SIGN_STYLE = Automatic;
				CURRENT_PROJECT_VERSION = 1;
				DEVELOPMENT_ASSET_PATHS = "\"AppOrderFood/Preview Content\"";
				DEVELOPMENT_TEAM = YAH93RZF3C;
				ENABLE_PREVIEWS = YES;
				GENERATE_INFOPLIST_FILE = YES;
				INFOPLIST_FILE = AppOrderFood/Info.plist;
				INFOPLIST_KEY_NSLocationWhenInUseUsageDescription = "we want to sell your location history and profit";
				INFOPLIST_KEY_UIApplicationSceneManifest_Generation = YES;
				INFOPLIST_KEY_UIApplicationSupportsIndirectInputEvents = YES;
				INFOPLIST_KEY_UILaunchScreen_Generation = YES;
				INFOPLIST_KEY_UILaunchStoryboardName = "Launch Screen.storyboard";
				INFOPLIST_KEY_UISupportedInterfaceOrientations_iPad = "UIInterfaceOrientationPortrait UIInterfaceOrientationPortraitUpsideDown UIInterfaceOrientationLandscapeLeft UIInterfaceOrientationLandscapeRight";
				INFOPLIST_KEY_UISupportedInterfaceOrientations_iPhone = "UIInterfaceOrientationPortrait UIInterfaceOrientationLandscapeLeft UIInterfaceOrientationLandscapeRight";
				LD_RUNPATH_SEARCH_PATHS = (
					"$(inherited)",
					"@executable_path/Frameworks",
				);
				MARKETING_VERSION = 1.0;
				PRODUCT_BUNDLE_IDENTIFIER = com.henrytran.AppOrderFood;
				PRODUCT_NAME = "$(TARGET_NAME)";
				PROVISIONING_PROFILE_SPECIFIER = "";
				SWIFT_EMIT_LOC_STRINGS = YES;
				SWIFT_VERSION = 5.0;
				TARGETED_DEVICE_FAMILY = "1,2";
			};
			name = Release;
		};
		D2A818D82B974F7A0049C0E5 /* Debug */ = {
			isa = XCBuildConfiguration;
			buildSettings = {
				ALWAYS_EMBED_SWIFT_STANDARD_LIBRARIES = YES;
				BUNDLE_LOADER = "$(TEST_HOST)";
				CODE_SIGN_STYLE = Automatic;
				CURRENT_PROJECT_VERSION = 1;
				DEVELOPMENT_TEAM = YAH93RZF3C;
				GENERATE_INFOPLIST_FILE = YES;
				IPHONEOS_DEPLOYMENT_TARGET = 17.2;
				MARKETING_VERSION = 1.0;
				PRODUCT_BUNDLE_IDENTIFIER = test.AppOrderFoodTests;
				PRODUCT_NAME = "$(TARGET_NAME)";
				SWIFT_EMIT_LOC_STRINGS = NO;
				SWIFT_VERSION = 5.0;
				TARGETED_DEVICE_FAMILY = "1,2";
				TEST_HOST = "$(BUILT_PRODUCTS_DIR)/AppOrderFood.app/$(BUNDLE_EXECUTABLE_FOLDER_PATH)/AppOrderFood";
			};
			name = Debug;
		};
		D2A818D92B974F7A0049C0E5 /* Release */ = {
			isa = XCBuildConfiguration;
			buildSettings = {
				ALWAYS_EMBED_SWIFT_STANDARD_LIBRARIES = YES;
				BUNDLE_LOADER = "$(TEST_HOST)";
				CODE_SIGN_STYLE = Automatic;
				CURRENT_PROJECT_VERSION = 1;
				DEVELOPMENT_TEAM = YAH93RZF3C;
				GENERATE_INFOPLIST_FILE = YES;
				IPHONEOS_DEPLOYMENT_TARGET = 17.2;
				MARKETING_VERSION = 1.0;
				PRODUCT_BUNDLE_IDENTIFIER = test.AppOrderFoodTests;
				PRODUCT_NAME = "$(TARGET_NAME)";
				SWIFT_EMIT_LOC_STRINGS = NO;
				SWIFT_VERSION = 5.0;
				TARGETED_DEVICE_FAMILY = "1,2";
				TEST_HOST = "$(BUILT_PRODUCTS_DIR)/AppOrderFood.app/$(BUNDLE_EXECUTABLE_FOLDER_PATH)/AppOrderFood";
			};
			name = Release;
		};
		D2A818DB2B974F7A0049C0E5 /* Debug */ = {
			isa = XCBuildConfiguration;
			buildSettings = {
				ALWAYS_EMBED_SWIFT_STANDARD_LIBRARIES = YES;
				CODE_SIGN_STYLE = Automatic;
				CURRENT_PROJECT_VERSION = 1;
				DEVELOPMENT_TEAM = YAH93RZF3C;
				GENERATE_INFOPLIST_FILE = YES;
				MARKETING_VERSION = 1.0;
				PRODUCT_BUNDLE_IDENTIFIER = test.AppOrderFoodUITests;
				PRODUCT_NAME = "$(TARGET_NAME)";
				SWIFT_EMIT_LOC_STRINGS = NO;
				SWIFT_VERSION = 5.0;
				TARGETED_DEVICE_FAMILY = "1,2";
				TEST_TARGET_NAME = AppOrderFood;
			};
			name = Debug;
		};
		D2A818DC2B974F7A0049C0E5 /* Release */ = {
			isa = XCBuildConfiguration;
			buildSettings = {
				ALWAYS_EMBED_SWIFT_STANDARD_LIBRARIES = YES;
				CODE_SIGN_STYLE = Automatic;
				CURRENT_PROJECT_VERSION = 1;
				DEVELOPMENT_TEAM = YAH93RZF3C;
				GENERATE_INFOPLIST_FILE = YES;
				MARKETING_VERSION = 1.0;
				PRODUCT_BUNDLE_IDENTIFIER = test.AppOrderFoodUITests;
				PRODUCT_NAME = "$(TARGET_NAME)";
				SWIFT_EMIT_LOC_STRINGS = NO;
				SWIFT_VERSION = 5.0;
				TARGETED_DEVICE_FAMILY = "1,2";
				TEST_TARGET_NAME = AppOrderFood;
			};
			name = Release;
		};
/* End XCBuildConfiguration section */

/* Begin XCConfigurationList section */
		D2A818A92B974F770049C0E5 /* Build configuration list for PBXProject "AppOrderFood" */ = {
			isa = XCConfigurationList;
			buildConfigurations = (
				D2A818D22B974F7A0049C0E5 /* Debug */,
				D2A818D32B974F7A0049C0E5 /* Release */,
			);
			defaultConfigurationIsVisible = 0;
			defaultConfigurationName = Debug;
		};
		D2A818D42B974F7A0049C0E5 /* Build configuration list for PBXNativeTarget "AppOrderFood" */ = {
			isa = XCConfigurationList;
			buildConfigurations = (
				D2A818D52B974F7A0049C0E5 /* Debug */,
				D2A818D62B974F7A0049C0E5 /* Release */,
			);
			defaultConfigurationIsVisible = 0;
			defaultConfigurationName = Debug;
		};
		D2A818D72B974F7A0049C0E5 /* Build configuration list for PBXNativeTarget "AppOrderFoodTests" */ = {
			isa = XCConfigurationList;
			buildConfigurations = (
				D2A818D82B974F7A0049C0E5 /* Debug */,
				D2A818D92B974F7A0049C0E5 /* Release */,
			);
			defaultConfigurationIsVisible = 0;
			defaultConfigurationName = Debug;
		};
		D2A818DA2B974F7A0049C0E5 /* Build configuration list for PBXNativeTarget "AppOrderFoodUITests" */ = {
			isa = XCConfigurationList;
			buildConfigurations = (
				D2A818DB2B974F7A0049C0E5 /* Debug */,
				D2A818DC2B974F7A0049C0E5 /* Release */,
			);
			defaultConfigurationIsVisible = 0;
			defaultConfigurationName = Debug;
		};
/* End XCConfigurationList section */

/* Begin XCRemoteSwiftPackageReference section */
		D29C6AB22BC7BECA007ECCCA /* XCRemoteSwiftPackageReference "firebase-ios-sdk" */ = {
			isa = XCRemoteSwiftPackageReference;
			repositoryURL = "https://github.com/firebase/firebase-ios-sdk.git";
			requirement = {
				kind = upToNextMajorVersion;
				minimumVersion = 10.24.0;
			};
		};
		D2B4A0A42BD6568F000F8FDD /* XCRemoteSwiftPackageReference "socket" */ = {
			isa = XCRemoteSwiftPackageReference;
			repositoryURL = "https://github.com/socketio/socket.io-client-swift";
			requirement = {
				branch = master;
				kind = branch;
			};
		};
/* End XCRemoteSwiftPackageReference section */

/* Begin XCSwiftPackageProductDependency section */
		D29C6AB32BC7BECA007ECCCA /* FirebaseAnalytics */ = {
			isa = XCSwiftPackageProductDependency;
			package = D29C6AB22BC7BECA007ECCCA /* XCRemoteSwiftPackageReference "firebase-ios-sdk" */;
			productName = FirebaseAnalytics;
		};
		D29C6AB52BC7BECA007ECCCA /* FirebaseAnalyticsOnDeviceConversion */ = {
			isa = XCSwiftPackageProductDependency;
			package = D29C6AB22BC7BECA007ECCCA /* XCRemoteSwiftPackageReference "firebase-ios-sdk" */;
			productName = FirebaseAnalyticsOnDeviceConversion;
		};
		D29C6AB72BC7BECA007ECCCA /* FirebaseAnalyticsSwift */ = {
			isa = XCSwiftPackageProductDependency;
			package = D29C6AB22BC7BECA007ECCCA /* XCRemoteSwiftPackageReference "firebase-ios-sdk" */;
			productName = FirebaseAnalyticsSwift;
		};
		D29C6AB92BC7BECA007ECCCA /* FirebaseAnalyticsWithoutAdIdSupport */ = {
			isa = XCSwiftPackageProductDependency;
			package = D29C6AB22BC7BECA007ECCCA /* XCRemoteSwiftPackageReference "firebase-ios-sdk" */;
			productName = FirebaseAnalyticsWithoutAdIdSupport;
		};
		D29C6ABB2BC7BECA007ECCCA /* FirebaseAppCheck */ = {
			isa = XCSwiftPackageProductDependency;
			package = D29C6AB22BC7BECA007ECCCA /* XCRemoteSwiftPackageReference "firebase-ios-sdk" */;
			productName = FirebaseAppCheck;
		};
		D29C6ABD2BC7BECA007ECCCA /* FirebaseAppDistribution-Beta */ = {
			isa = XCSwiftPackageProductDependency;
			package = D29C6AB22BC7BECA007ECCCA /* XCRemoteSwiftPackageReference "firebase-ios-sdk" */;
			productName = "FirebaseAppDistribution-Beta";
		};
		D29C6ABF2BC7BECA007ECCCA /* FirebaseAuth */ = {
			isa = XCSwiftPackageProductDependency;
			package = D29C6AB22BC7BECA007ECCCA /* XCRemoteSwiftPackageReference "firebase-ios-sdk" */;
			productName = FirebaseAuth;
		};
		D29C6AC12BC7BECA007ECCCA /* FirebaseAuthCombine-Community */ = {
			isa = XCSwiftPackageProductDependency;
			package = D29C6AB22BC7BECA007ECCCA /* XCRemoteSwiftPackageReference "firebase-ios-sdk" */;
			productName = "FirebaseAuthCombine-Community";
		};
		D29C6AC32BC7BECA007ECCCA /* FirebaseCrashlytics */ = {
			isa = XCSwiftPackageProductDependency;
			package = D29C6AB22BC7BECA007ECCCA /* XCRemoteSwiftPackageReference "firebase-ios-sdk" */;
			productName = FirebaseCrashlytics;
		};
		D29C6AC52BC7BECA007ECCCA /* FirebaseDatabase */ = {
			isa = XCSwiftPackageProductDependency;
			package = D29C6AB22BC7BECA007ECCCA /* XCRemoteSwiftPackageReference "firebase-ios-sdk" */;
			productName = FirebaseDatabase;
		};
		D29C6AC72BC7BECA007ECCCA /* FirebaseDatabaseSwift */ = {
			isa = XCSwiftPackageProductDependency;
			package = D29C6AB22BC7BECA007ECCCA /* XCRemoteSwiftPackageReference "firebase-ios-sdk" */;
			productName = FirebaseDatabaseSwift;
		};
		D29C6AC92BC7BECA007ECCCA /* FirebaseDynamicLinks */ = {
			isa = XCSwiftPackageProductDependency;
			package = D29C6AB22BC7BECA007ECCCA /* XCRemoteSwiftPackageReference "firebase-ios-sdk" */;
			productName = FirebaseDynamicLinks;
		};
		D29C6ACB2BC7BECA007ECCCA /* FirebaseFirestore */ = {
			isa = XCSwiftPackageProductDependency;
			package = D29C6AB22BC7BECA007ECCCA /* XCRemoteSwiftPackageReference "firebase-ios-sdk" */;
			productName = FirebaseFirestore;
		};
		D29C6ACD2BC7BECA007ECCCA /* FirebaseFirestoreCombine-Community */ = {
			isa = XCSwiftPackageProductDependency;
			package = D29C6AB22BC7BECA007ECCCA /* XCRemoteSwiftPackageReference "firebase-ios-sdk" */;
			productName = "FirebaseFirestoreCombine-Community";
		};
		D29C6ACF2BC7BECA007ECCCA /* FirebaseInstallations */ = {
			isa = XCSwiftPackageProductDependency;
			package = D29C6AB22BC7BECA007ECCCA /* XCRemoteSwiftPackageReference "firebase-ios-sdk" */;
			productName = FirebaseInstallations;
		};
		D29C6AD12BC7BECA007ECCCA /* FirebaseMLModelDownloader */ = {
			isa = XCSwiftPackageProductDependency;
			package = D29C6AB22BC7BECA007ECCCA /* XCRemoteSwiftPackageReference "firebase-ios-sdk" */;
			productName = FirebaseMLModelDownloader;
		};
		D29C6AD32BC7BECA007ECCCA /* FirebaseMessaging */ = {
			isa = XCSwiftPackageProductDependency;
			package = D29C6AB22BC7BECA007ECCCA /* XCRemoteSwiftPackageReference "firebase-ios-sdk" */;
			productName = FirebaseMessaging;
		};
		D29C6AD52BC7BECA007ECCCA /* FirebasePerformance */ = {
			isa = XCSwiftPackageProductDependency;
			package = D29C6AB22BC7BECA007ECCCA /* XCRemoteSwiftPackageReference "firebase-ios-sdk" */;
			productName = FirebasePerformance;
		};
		D29C6AD72BC7BECA007ECCCA /* FirebaseRemoteConfig */ = {
			isa = XCSwiftPackageProductDependency;
			package = D29C6AB22BC7BECA007ECCCA /* XCRemoteSwiftPackageReference "firebase-ios-sdk" */;
			productName = FirebaseRemoteConfig;
		};
		D29C6AD92BC7BECA007ECCCA /* FirebaseRemoteConfigSwift */ = {
			isa = XCSwiftPackageProductDependency;
			package = D29C6AB22BC7BECA007ECCCA /* XCRemoteSwiftPackageReference "firebase-ios-sdk" */;
			productName = FirebaseRemoteConfigSwift;
		};
		D29C6ADB2BC7BECA007ECCCA /* FirebaseStorage */ = {
			isa = XCSwiftPackageProductDependency;
			package = D29C6AB22BC7BECA007ECCCA /* XCRemoteSwiftPackageReference "firebase-ios-sdk" */;
			productName = FirebaseStorage;
		};
		D29C6ADD2BC7BECA007ECCCA /* FirebaseStorageCombine-Community */ = {
			isa = XCSwiftPackageProductDependency;
			package = D29C6AB22BC7BECA007ECCCA /* XCRemoteSwiftPackageReference "firebase-ios-sdk" */;
			productName = "FirebaseStorageCombine-Community";
		};
		D2B4A0A52BD6568F000F8FDD /* SocketIO */ = {
			isa = XCSwiftPackageProductDependency;
			package = D2B4A0A42BD6568F000F8FDD /* XCRemoteSwiftPackageReference "socket" */;
			productName = SocketIO;
		};
/* End XCSwiftPackageProductDependency section */
	};
	rootObject = D2A818A62B974F770049C0E5 /* Project object */;
}
