{
  "pins" : [
    {
      "identity" : "spline-ios",
      "kind" : "remoteSourceControl",
      "location" : "https://github.com/splinetool/spline-ios",
      "state" : {
        "branch" : "main",
        "revision" : "d476f94a056b49e35b1ec0d6bffc7ccd02fc4663"
      }
    }
  ],
  "version" : 2
}
